// !$*UTF8*$!
{
	archiveVersion = 1;
	classes = {
	};
	objectVersion = 55;
	objects = {

/* Begin PBXBuildFile section */
		270B264D2963E516001B316F /* GuideView.swift in Sources */ = {isa = PBXBuildFile; fileRef = 270B264C2963E516001B316F /* GuideView.swift */; };
		270EC9BD2956A899008A27AA /* Data_Pill_UI_Tests.swift in Sources */ = {isa = PBXBuildFile; fileRef = 270EC9BC2956A899008A27AA /* Data_Pill_UI_Tests.swift */; };
		270EC9BF2956A899008A27AA /* Data_Pill_UI_Tests_Launch_Tests.swift in Sources */ = {isa = PBXBuildFile; fileRef = 270EC9BE2956A899008A27AA /* Data_Pill_UI_Tests_Launch_Tests.swift */; };
		270EC9C629584210008A27AA /* Data_Pill_UI_Tests_Launch_Performance.swift in Sources */ = {isa = PBXBuildFile; fileRef = 270EC9C529584210008A27AA /* Data_Pill_UI_Tests_Launch_Performance.swift */; };
		271D8FEB29004B2800965FC3 /* Data_Usage_Repository_Test_Case.swift in Sources */ = {isa = PBXBuildFile; fileRef = 271D8FEA29004B2800965FC3 /* Data_Usage_Repository_Test_Case.swift */; };
		274FCF482978B3E10087AC86 /* UsageType.intentdefinition in Sources */ = {isa = PBXBuildFile; fileRef = 274FCF4B2978B3E10087AC86 /* UsageType.intentdefinition */; };
		274FCF492978B3E10087AC86 /* UsageType.intentdefinition in Sources */ = {isa = PBXBuildFile; fileRef = 274FCF4B2978B3E10087AC86 /* UsageType.intentdefinition */; };
		274FCF7F2978CA870087AC86 /* InfoPlist.strings in Resources */ = {isa = PBXBuildFile; fileRef = 274FCF7D2978CA870087AC86 /* InfoPlist.strings */; };
		274FCF822978CA870087AC86 /* Localizable.strings in Resources */ = {isa = PBXBuildFile; fileRef = 274FCF802978CA870087AC86 /* Localizable.strings */; };
		274FCF852978CA870087AC86 /* Data-Pill-InfoPlist.strings in Resources */ = {isa = PBXBuildFile; fileRef = 274FCF832978CA870087AC86 /* Data-Pill-InfoPlist.strings */; };
		274FCF882978CA870087AC86 /* Localizable.strings in Resources */ = {isa = PBXBuildFile; fileRef = 274FCF862978CA870087AC86 /* Localizable.strings */; };
		274FCF942978D9860087AC86 /* Toast_Timer_Test_Case.swift in Sources */ = {isa = PBXBuildFile; fileRef = 274FCF932978D9860087AC86 /* Toast_Timer_Test_Case.swift */; };
		2761528D293CAF7F00AEA000 /* Widget_Model_Test_Case.swift in Sources */ = {isa = PBXBuildFile; fileRef = 2761528C293CAF7F00AEA000 /* Widget_Model_Test_Case.swift */; };
		2761528E293CB5CE00AEA000 /* WidgetModel.swift in Sources */ = {isa = PBXBuildFile; fileRef = 27E777372934AF060031456D /* WidgetModel.swift */; };
		27615290293E3FCC00AEA000 /* DataPlan.swift in Sources */ = {isa = PBXBuildFile; fileRef = 2761528F293E3FCC00AEA000 /* DataPlan.swift */; };
		27615291293E3FCC00AEA000 /* DataPlan.swift in Sources */ = {isa = PBXBuildFile; fileRef = 2761528F293E3FCC00AEA000 /* DataPlan.swift */; };
		276626F92B4AACDA00613C82 /* Configuration.swift in Sources */ = {isa = PBXBuildFile; fileRef = 276626F82B4AACDA00613C82 /* Configuration.swift */; };
		27801DB128D6C96800201339 /* AppView.swift in Sources */ = {isa = PBXBuildFile; fileRef = 27801DB028D6C96800201339 /* AppView.swift */; };
		27801DB428D6C96800201339 /* PillGroupView.swift in Sources */ = {isa = PBXBuildFile; fileRef = 27801DB328D6C96800201339 /* PillGroupView.swift */; };
		27801DB728D6C96800201339 /* AppViewModel.swift in Sources */ = {isa = PBXBuildFile; fileRef = 27801DB628D6C96800201339 /* AppViewModel.swift */; };
		27801DBA28D6C96800201339 /* Dimensions.swift in Sources */ = {isa = PBXBuildFile; fileRef = 27801DB928D6C96800201339 /* Dimensions.swift */; };
		27801DBD28D6C96800201339 /* Icon.swift in Sources */ = {isa = PBXBuildFile; fileRef = 27801DBC28D6C96800201339 /* Icon.swift */; };
		27801DC128D6C96800201339 /* Text.swift in Sources */ = {isa = PBXBuildFile; fileRef = 27801DC028D6C96800201339 /* Text.swift */; };
		27801DC328D6C96800201339 /* Type.swift in Sources */ = {isa = PBXBuildFile; fileRef = 27801DC228D6C96800201339 /* Type.swift */; };
		27801DC528D6C96800201339 /* Frame.swift in Sources */ = {isa = PBXBuildFile; fileRef = 27801DC428D6C96800201339 /* Frame.swift */; };
		27801DC728D6C96800201339 /* Color.swift in Sources */ = {isa = PBXBuildFile; fileRef = 27801DC628D6C96800201339 /* Color.swift */; };
		27801DC928D6C96800201339 /* Data_PillApp.swift in Sources */ = {isa = PBXBuildFile; fileRef = 27801DC828D6C96800201339 /* Data_PillApp.swift */; };
		27801DCD28D6C96B00201339 /* Assets.xcassets in Resources */ = {isa = PBXBuildFile; fileRef = 27801DCC28D6C96B00201339 /* Assets.xcassets */; };
		27801DD028D6C96B00201339 /* Preview Assets.xcassets in Resources */ = {isa = PBXBuildFile; fileRef = 27801DCF28D6C96B00201339 /* Preview Assets.xcassets */; };
		27801DDC28D6CF3900201339 /* SFProText-Bold.ttf in Resources */ = {isa = PBXBuildFile; fileRef = 27801DD928D6CF3900201339 /* SFProText-Bold.ttf */; };
		27801DDD28D6CF3900201339 /* SFProText-Medium.ttf in Resources */ = {isa = PBXBuildFile; fileRef = 27801DDA28D6CF3900201339 /* SFProText-Medium.ttf */; };
		27801DDE28D6CF3900201339 /* SFProText-Semibold.ttf in Resources */ = {isa = PBXBuildFile; fileRef = 27801DDB28D6CF3900201339 /* SFProText-Semibold.ttf */; };
		27801DE228D6D15000201339 /* ItemCardView.swift in Sources */ = {isa = PBXBuildFile; fileRef = 27801DE128D6D15000201339 /* ItemCardView.swift */; };
		27801DE428D6F01900201339 /* Modifier.swift in Sources */ = {isa = PBXBuildFile; fileRef = 27801DE328D6F01900201339 /* Modifier.swift */; };
		27801DE628D6F59700201339 /* PillView.swift in Sources */ = {isa = PBXBuildFile; fileRef = 27801DE528D6F59700201339 /* PillView.swift */; };
		27801DE828D7215D00201339 /* Enums.swift in Sources */ = {isa = PBXBuildFile; fileRef = 27801DE728D7215D00201339 /* Enums.swift */; };
		27801DEA28D72A6600201339 /* Date.swift in Sources */ = {isa = PBXBuildFile; fileRef = 27801DE928D72A6600201339 /* Date.swift */; };
		27801DEC28D73AC900201339 /* UsedCardView.swift in Sources */ = {isa = PBXBuildFile; fileRef = 27801DEB28D73AC900201339 /* UsedCardView.swift */; };
		27801DEE28D8B7FA00201339 /* Numbers.swift in Sources */ = {isa = PBXBuildFile; fileRef = 27801DED28D8B7FA00201339 /* Numbers.swift */; };
		27801DF028D8BA2400201339 /* UsageCardView.swift in Sources */ = {isa = PBXBuildFile; fileRef = 27801DEF28D8BA2400201339 /* UsageCardView.swift */; };
		27801DF228D8BDBE00201339 /* ToggleView.swift in Sources */ = {isa = PBXBuildFile; fileRef = 27801DF128D8BDBE00201339 /* ToggleView.swift */; };
		27801DF428D8C71C00201339 /* AutoPeriodCardView.swift in Sources */ = {isa = PBXBuildFile; fileRef = 27801DF328D8C71C00201339 /* AutoPeriodCardView.swift */; };
		27801DF928DA0A8600201339 /* DataPlanCardView.swift in Sources */ = {isa = PBXBuildFile; fileRef = 27801DF828DA0A8600201339 /* DataPlanCardView.swift */; };
		27801DFB28DA0B0D00201339 /* NavRowView.swift in Sources */ = {isa = PBXBuildFile; fileRef = 27801DFA28DA0B0D00201339 /* NavRowView.swift */; };
		27801DFD28DA0CF500201339 /* DividerView.swift in Sources */ = {isa = PBXBuildFile; fileRef = 27801DFC28DA0CF500201339 /* DividerView.swift */; };
		27801DFF28DA13C500201339 /* DataPlanLimitView.swift in Sources */ = {isa = PBXBuildFile; fileRef = 27801DFE28DA13C500201339 /* DataPlanLimitView.swift */; };
		27801E0328DA196E00201339 /* HistoryView.swift in Sources */ = {isa = PBXBuildFile; fileRef = 27801E0228DA196E00201339 /* HistoryView.swift */; };
		27801E0528DA1A7B00201339 /* DraggablePillView.swift in Sources */ = {isa = PBXBuildFile; fileRef = 27801E0428DA1A7A00201339 /* DraggablePillView.swift */; };
		27801E0928E054C500201339 /* CloseIconView.swift in Sources */ = {isa = PBXBuildFile; fileRef = 27801E0828E054C400201339 /* CloseIconView.swift */; };
		27801E0D28E0C02200201339 /* DateInputView.swift in Sources */ = {isa = PBXBuildFile; fileRef = 27801E0C28E0C02200201339 /* DateInputView.swift */; };
		27801E0F28E1E7C500201339 /* ButtonView.swift in Sources */ = {isa = PBXBuildFile; fileRef = 27801E0E28E1E7C500201339 /* ButtonView.swift */; };
		27801E1528E8227500201339 /* StepperButtonView.swift in Sources */ = {isa = PBXBuildFile; fileRef = 27801E1428E8227500201339 /* StepperButtonView.swift */; };
		27801E1728E82B9100201339 /* TextInputView.swift in Sources */ = {isa = PBXBuildFile; fileRef = 27801E1628E82B9100201339 /* TextInputView.swift */; };
		27801E1928E951A100201339 /* NetworkDataRepository.swift in Sources */ = {isa = PBXBuildFile; fileRef = 27801E1828E951A000201339 /* NetworkDataRepository.swift */; };
		27801E1E28E98F0D00201339 /* LocalStorage.swift in Sources */ = {isa = PBXBuildFile; fileRef = 27801E1D28E98F0D00201339 /* LocalStorage.swift */; };
		27801E2128E9B16E00201339 /* DataUsage.xcdatamodeld in Sources */ = {isa = PBXBuildFile; fileRef = 27801E1F28E9B16E00201339 /* DataUsage.xcdatamodeld */; };
		27801E2328E9B29D00201339 /* LocalDatabase.swift in Sources */ = {isa = PBXBuildFile; fileRef = 27801E2228E9B29D00201339 /* LocalDatabase.swift */; };
		27801E3728E9E3D100201339 /* DataUsage.swift in Sources */ = {isa = PBXBuildFile; fileRef = 27801E3628E9E3D100201339 /* DataUsage.swift */; };
		27801E3D28E9F72F00201339 /* DataUsageRepository.swift in Sources */ = {isa = PBXBuildFile; fileRef = 27801E3C28E9F72F00201339 /* DataUsageRepository.swift */; };
		27801E3F28E9FDAA00201339 /* AppDataRepository.swift in Sources */ = {isa = PBXBuildFile; fileRef = 27801E3E28E9FDAA00201339 /* AppDataRepository.swift */; };
		278D6B6928F17065006931DA /* DataInfo.swift in Sources */ = {isa = PBXBuildFile; fileRef = 278D6B6828F17065006931DA /* DataInfo.swift */; };
		278E7344295BFAB20020F84B /* ToastTimer.swift in Sources */ = {isa = PBXBuildFile; fileRef = 278E7343295BFAB20020F84B /* ToastTimer.swift */; };
		278E7348295C57E30020F84B /* Validator.swift in Sources */ = {isa = PBXBuildFile; fileRef = 278E7347295C57E30020F84B /* Validator.swift */; };
		278E734A295D4EF10020F84B /* Validator_Test_Case.swift in Sources */ = {isa = PBXBuildFile; fileRef = 278E7349295D4EF10020F84B /* Validator_Test_Case.swift */; };
		278FB2CC28F2E55900BE78C2 /* Numbers_Test_Case.swift in Sources */ = {isa = PBXBuildFile; fileRef = 278FB2CB28F2E55900BE78C2 /* Numbers_Test_Case.swift */; };
		278FB2D328F321EE00BE78C2 /* Date_Test_Case.swift in Sources */ = {isa = PBXBuildFile; fileRef = 278FB2D228F321EE00BE78C2 /* Date_Test_Case.swift */; };
		278FB2D528F53DCA00BE78C2 /* Stepper.swift in Sources */ = {isa = PBXBuildFile; fileRef = 278FB2D428F53DCA00BE78C2 /* Stepper.swift */; };
		278FB2D728F544C100BE78C2 /* Stepper_Test_Case.swift in Sources */ = {isa = PBXBuildFile; fileRef = 278FB2D628F544C100BE78C2 /* Stepper_Test_Case.swift */; };
		278FB31128FAA00F00BE78C2 /* Animation.swift in Sources */ = {isa = PBXBuildFile; fileRef = 278FB31028FAA00F00BE78C2 /* Animation.swift */; };
		278FB31328FAA61500BE78C2 /* StepperView.swift in Sources */ = {isa = PBXBuildFile; fileRef = 278FB31228FAA61500BE78C2 /* StepperView.swift */; };
		27A0A8F1295858AD0007C412 /* Logging.swift in Sources */ = {isa = PBXBuildFile; fileRef = 27A0A8F0295858AD0007C412 /* Logging.swift */; };
		27A0A8F2295858EF0007C412 /* Logging.swift in Sources */ = {isa = PBXBuildFile; fileRef = 27A0A8F0295858AD0007C412 /* Logging.swift */; };
		27AECC8E2916E5E700AB963E /* App_View_Model_Test_Case.swift in Sources */ = {isa = PBXBuildFile; fileRef = 27AECC8D2916E5E600AB963E /* App_View_Model_Test_Case.swift */; };
		27B10A72295BE714009E910C /* ToastView.swift in Sources */ = {isa = PBXBuildFile; fileRef = 27B10A71295BE714009E910C /* ToastView.swift */; };
		27B90B8528F2D28100263983 /* Constants.swift in Sources */ = {isa = PBXBuildFile; fileRef = 27B90B8428F2D28100263983 /* Constants.swift */; };
		27B90B8728F2D31600263983 /* DataUsagePreview.swift in Sources */ = {isa = PBXBuildFile; fileRef = 27B90B8628F2D31600263983 /* DataUsagePreview.swift */; };
		27B90B8928F2D43700263983 /* DataTest.swift in Sources */ = {isa = PBXBuildFile; fileRef = 27B90B8828F2D43700263983 /* DataTest.swift */; };
		27BB19EB2971568800851E14 /* PillTitleView.swift in Sources */ = {isa = PBXBuildFile; fileRef = 27BB19EA2971568800851E14 /* PillTitleView.swift */; };
		27BB19ED2972D1F500851E14 /* AccessibilityLabels.swift in Sources */ = {isa = PBXBuildFile; fileRef = 27BB19EC2972D1F400851E14 /* AccessibilityLabels.swift */; };
		27BE082A2928BD6C00E0781C /* StepperValueView.swift in Sources */ = {isa = PBXBuildFile; fileRef = 27BE08292928BD6C00E0781C /* StepperValueView.swift */; };
		27BE082C2928D7BE00E0781C /* Types.swift in Sources */ = {isa = PBXBuildFile; fileRef = 27BE082B2928D7BE00E0781C /* Types.swift */; };
		27E776FD293365410031456D /* WidgetPillView.swift in Sources */ = {isa = PBXBuildFile; fileRef = 27E776FC293365410031456D /* WidgetPillView.swift */; };
		27E776FF293365730031456D /* BasePillView.swift in Sources */ = {isa = PBXBuildFile; fileRef = 27E776FE293365730031456D /* BasePillView.swift */; };
		27E77707293367450031456D /* WidgetKit.framework in Frameworks */ = {isa = PBXBuildFile; fileRef = 27E77706293367450031456D /* WidgetKit.framework */; };
		27E77709293367450031456D /* SwiftUI.framework in Frameworks */ = {isa = PBXBuildFile; fileRef = 27E77708293367450031456D /* SwiftUI.framework */; };
		27E7770C293367450031456D /* Data_Pill_Widget.swift in Sources */ = {isa = PBXBuildFile; fileRef = 27E7770B293367450031456D /* Data_Pill_Widget.swift */; };
		27E7770E293367470031456D /* Assets.xcassets in Resources */ = {isa = PBXBuildFile; fileRef = 27E7770D293367470031456D /* Assets.xcassets */; };
		27E77712293367470031456D /* Data Pill WidgetExtension.appex in Embed Foundation Extensions */ = {isa = PBXBuildFile; fileRef = 27E77704293367450031456D /* Data Pill WidgetExtension.appex */; settings = {ATTRIBUTES = (RemoveHeadersOnCopy, ); }; };
		27E77717293367540031456D /* Assets.xcassets in Resources */ = {isa = PBXBuildFile; fileRef = 27801DCC28D6C96B00201339 /* Assets.xcassets */; };
		27E77718293367570031456D /* SFProText-Bold.ttf in Resources */ = {isa = PBXBuildFile; fileRef = 27801DD928D6CF3900201339 /* SFProText-Bold.ttf */; };
		27E77719293367590031456D /* SFProText-Medium.ttf in Resources */ = {isa = PBXBuildFile; fileRef = 27801DDA28D6CF3900201339 /* SFProText-Medium.ttf */; };
		27E7771A2933675B0031456D /* SFProText-Semibold.ttf in Resources */ = {isa = PBXBuildFile; fileRef = 27801DDB28D6CF3900201339 /* SFProText-Semibold.ttf */; };
		27E7771B293367610031456D /* Color.swift in Sources */ = {isa = PBXBuildFile; fileRef = 27801DC628D6C96800201339 /* Color.swift */; };
		27E7771C293367630031456D /* Type.swift in Sources */ = {isa = PBXBuildFile; fileRef = 27801DC228D6C96800201339 /* Type.swift */; };
		27E7771E29336A420031456D /* WidgetPillView.swift in Sources */ = {isa = PBXBuildFile; fileRef = 27E776FC293365410031456D /* WidgetPillView.swift */; };
		27E7772029336AA10031456D /* Unit.swift in Sources */ = {isa = PBXBuildFile; fileRef = 27E7771F29336AA10031456D /* Unit.swift */; };
		27E7772129336B370031456D /* Numbers.swift in Sources */ = {isa = PBXBuildFile; fileRef = 27801DED28D8B7FA00201339 /* Numbers.swift */; };
		27E7772229336C8A0031456D /* BasePillView.swift in Sources */ = {isa = PBXBuildFile; fileRef = 27E776FE293365730031456D /* BasePillView.swift */; };
		27E7772329336CAC0031456D /* Text.swift in Sources */ = {isa = PBXBuildFile; fileRef = 27801DC028D6C96800201339 /* Text.swift */; };
		27E7772429336CC10031456D /* Frame.swift in Sources */ = {isa = PBXBuildFile; fileRef = 27801DC428D6C96800201339 /* Frame.swift */; };
		27E7772529336CF70031456D /* Unit.swift in Sources */ = {isa = PBXBuildFile; fileRef = 27E7771F29336AA10031456D /* Unit.swift */; };
		27E7772D2933844A0031456D /* ToggleItem.swift in Sources */ = {isa = PBXBuildFile; fileRef = 27E7772C2933844A0031456D /* ToggleItem.swift */; };
		27E7772E2933844A0031456D /* ToggleItem.swift in Sources */ = {isa = PBXBuildFile; fileRef = 27E7772C2933844A0031456D /* ToggleItem.swift */; };
		27E777332933CACC0031456D /* LocalDatabase.swift in Sources */ = {isa = PBXBuildFile; fileRef = 27801E2228E9B29D00201339 /* LocalDatabase.swift */; };
		27E777342933CB380031456D /* DataUsageRepository.swift in Sources */ = {isa = PBXBuildFile; fileRef = 27801E3C28E9F72F00201339 /* DataUsageRepository.swift */; };
		27E777352933CD850031456D /* DataUsage.swift in Sources */ = {isa = PBXBuildFile; fileRef = 27801E3628E9E3D100201339 /* DataUsage.swift */; };
		27E777362934AEB80031456D /* DataUsage.xcdatamodeld in Sources */ = {isa = PBXBuildFile; fileRef = 27801E1F28E9B16E00201339 /* DataUsage.xcdatamodeld */; };
		27E777382934AF060031456D /* WidgetModel.swift in Sources */ = {isa = PBXBuildFile; fileRef = 27E777372934AF060031456D /* WidgetModel.swift */; };
		27E777392934B33C0031456D /* NetworkDataRepository.swift in Sources */ = {isa = PBXBuildFile; fileRef = 27801E1828E951A000201339 /* NetworkDataRepository.swift */; };
		27E7773A2934B3400031456D /* AppDataRepository.swift in Sources */ = {isa = PBXBuildFile; fileRef = 27801E3E28E9FDAA00201339 /* AppDataRepository.swift */; };
		27E7773B2934B3440031456D /* LocalStorage.swift in Sources */ = {isa = PBXBuildFile; fileRef = 27801E1D28E98F0D00201339 /* LocalStorage.swift */; };
		27E7773C2934B3490031456D /* Constants.swift in Sources */ = {isa = PBXBuildFile; fileRef = 27B90B8428F2D28100263983 /* Constants.swift */; };
		27E7773E2934B3CB0031456D /* StepperValueTypes.swift in Sources */ = {isa = PBXBuildFile; fileRef = 27E7773D2934B3CB0031456D /* StepperValueTypes.swift */; };
		27E7773F2934B3CB0031456D /* StepperValueTypes.swift in Sources */ = {isa = PBXBuildFile; fileRef = 27E7773D2934B3CB0031456D /* StepperValueTypes.swift */; };
		27E777402934CCFF0031456D /* Date.swift in Sources */ = {isa = PBXBuildFile; fileRef = 27801DE928D72A6600201339 /* Date.swift */; };
		27E777422934CD610031456D /* DayPill.swift in Sources */ = {isa = PBXBuildFile; fileRef = 27E777412934CD610031456D /* DayPill.swift */; };
		27E777432934CD610031456D /* DayPill.swift in Sources */ = {isa = PBXBuildFile; fileRef = 27E777412934CD610031456D /* DayPill.swift */; };
		27E777442934D1DB0031456D /* DataTest.swift in Sources */ = {isa = PBXBuildFile; fileRef = 27B90B8828F2D43700263983 /* DataTest.swift */; };
		27E777452934D1F70031456D /* DataUsagePreview.swift in Sources */ = {isa = PBXBuildFile; fileRef = 27B90B8628F2D31600263983 /* DataUsagePreview.swift */; };
		27E777462934D20F0031456D /* DataInfo.swift in Sources */ = {isa = PBXBuildFile; fileRef = 278D6B6828F17065006931DA /* DataInfo.swift */; };
		27E7774D293500BB0031456D /* Provider.swift in Sources */ = {isa = PBXBuildFile; fileRef = 27E7774B293500BB0031456D /* Provider.swift */; };
		27E7774F2935010D0031456D /* Entry.swift in Sources */ = {isa = PBXBuildFile; fileRef = 27E7774E2935010D0031456D /* Entry.swift */; };
		27E77751293B68D10031456D /* Widget.swift in Sources */ = {isa = PBXBuildFile; fileRef = 27E77750293B68D00031456D /* Widget.swift */; };
		27E77752293B68D10031456D /* Widget.swift in Sources */ = {isa = PBXBuildFile; fileRef = 27E77750293B68D00031456D /* Widget.swift */; };
		27E77754293C44080031456D /* FillLineView.swift in Sources */ = {isa = PBXBuildFile; fileRef = 27E77753293C44070031456D /* FillLineView.swift */; };
		27E77755293C44080031456D /* FillLineView.swift in Sources */ = {isa = PBXBuildFile; fileRef = 27E77753293C44070031456D /* FillLineView.swift */; };
		27E77757293C4AAC0031456D /* SFProText-Heavy.ttf in Resources */ = {isa = PBXBuildFile; fileRef = 27E77756293C4AAB0031456D /* SFProText-Heavy.ttf */; };
		27E77758293C4AAC0031456D /* SFProText-Heavy.ttf in Resources */ = {isa = PBXBuildFile; fileRef = 27E77756293C4AAB0031456D /* SFProText-Heavy.ttf */; };
		27E77759293C50780031456D /* Modifier.swift in Sources */ = {isa = PBXBuildFile; fileRef = 27801DE328D6F01900201339 /* Modifier.swift */; };
		27F233AD2945CD4800E6102D /* SmallWidgetView.swift in Sources */ = {isa = PBXBuildFile; fileRef = 27F233AC2945CD4800E6102D /* SmallWidgetView.swift */; };
		27F233AE2945CD4800E6102D /* SmallWidgetView.swift in Sources */ = {isa = PBXBuildFile; fileRef = 27F233AC2945CD4800E6102D /* SmallWidgetView.swift */; };
		27F233B02945CD6300E6102D /* RectangularWidgetView.swift in Sources */ = {isa = PBXBuildFile; fileRef = 27F233AF2945CD6300E6102D /* RectangularWidgetView.swift */; };
		27F233B12945CD6300E6102D /* RectangularWidgetView.swift in Sources */ = {isa = PBXBuildFile; fileRef = 27F233AF2945CD6300E6102D /* RectangularWidgetView.swift */; };
		27F233B32955434B00E6102D /* EditItemCardView.swift in Sources */ = {isa = PBXBuildFile; fileRef = 27F233B22955434B00E6102D /* EditItemCardView.swift */; };
		27F47DDA2905330D00B3F83D /* App_Data_Repository_Test_Case.swift in Sources */ = {isa = PBXBuildFile; fileRef = 27F47DD92905330D00B3F83D /* App_Data_Repository_Test_Case.swift */; };
		27F47DDC29053AE400B3F83D /* Network_Data_Repository_Test_Case.swift in Sources */ = {isa = PBXBuildFile; fileRef = 27F47DDB29053AE400B3F83D /* Network_Data_Repository_Test_Case.swift */; };
		27F47DDF29067C8E00B3F83D /* Button.swift in Sources */ = {isa = PBXBuildFile; fileRef = 27F47DDE29067C8E00B3F83D /* Button.swift */; };
		27FDBCDB2963F565008FA32E /* SelectPlanTypeView.swift in Sources */ = {isa = PBXBuildFile; fileRef = 27FDBCDA2963F565008FA32E /* SelectPlanTypeView.swift */; };
		27FDBCDD2963F7D0008FA32E /* LargeButtonView.swift in Sources */ = {isa = PBXBuildFile; fileRef = 27FDBCDC2963F7D0008FA32E /* LargeButtonView.swift */; };
		27FDBCDF2963FF8D008FA32E /* NonPlanView.swift in Sources */ = {isa = PBXBuildFile; fileRef = 27FDBCDE2963FF8D008FA32E /* NonPlanView.swift */; };
		27FDBCE12963FF96008FA32E /* PlanView.swift in Sources */ = {isa = PBXBuildFile; fileRef = 27FDBCE02963FF96008FA32E /* PlanView.swift */; };
		27FDBCE329646F07008FA32E /* SlideToggleView.swift in Sources */ = {isa = PBXBuildFile; fileRef = 27FDBCE229646F07008FA32E /* SlideToggleView.swift */; };
/* End PBXBuildFile section */

/* Begin PBXContainerItemProxy section */
		270EC9C02956A899008A27AA /* PBXContainerItemProxy */ = {
			isa = PBXContainerItemProxy;
			containerPortal = 27801DA428D6C96800201339 /* Project object */;
			proxyType = 1;
			remoteGlobalIDString = 27801DAB28D6C96800201339;
			remoteInfo = "Data Pill";
		};
		278FB2CD28F2E55900BE78C2 /* PBXContainerItemProxy */ = {
			isa = PBXContainerItemProxy;
			containerPortal = 27801DA428D6C96800201339 /* Project object */;
			proxyType = 1;
			remoteGlobalIDString = 27801DAB28D6C96800201339;
			remoteInfo = "Data Pill";
		};
		27E77710293367470031456D /* PBXContainerItemProxy */ = {
			isa = PBXContainerItemProxy;
			containerPortal = 27801DA428D6C96800201339 /* Project object */;
			proxyType = 1;
			remoteGlobalIDString = 27E77703293367450031456D;
			remoteInfo = "Data Pill WidgetExtension";
		};
/* End PBXContainerItemProxy section */

/* Begin PBXCopyFilesBuildPhase section */
		27E77716293367470031456D /* Embed Foundation Extensions */ = {
			isa = PBXCopyFilesBuildPhase;
			buildActionMask = 2147483647;
			dstPath = "";
			dstSubfolderSpec = 13;
			files = (
				27E77712293367470031456D /* Data Pill WidgetExtension.appex in Embed Foundation Extensions */,
			);
			name = "Embed Foundation Extensions";
			runOnlyForDeploymentPostprocessing = 0;
		};
/* End PBXCopyFilesBuildPhase section */

/* Begin PBXFileReference section */
		270B264C2963E516001B316F /* GuideView.swift */ = {isa = PBXFileReference; lastKnownFileType = sourcecode.swift; path = GuideView.swift; sourceTree = "<group>"; };
		270EC9BA2956A898008A27AA /* Data Pill UI Tests.xctest */ = {isa = PBXFileReference; explicitFileType = wrapper.cfbundle; includeInIndex = 0; path = "Data Pill UI Tests.xctest"; sourceTree = BUILT_PRODUCTS_DIR; };
		270EC9BC2956A899008A27AA /* Data_Pill_UI_Tests.swift */ = {isa = PBXFileReference; lastKnownFileType = sourcecode.swift; path = Data_Pill_UI_Tests.swift; sourceTree = "<group>"; };
		270EC9BE2956A899008A27AA /* Data_Pill_UI_Tests_Launch_Tests.swift */ = {isa = PBXFileReference; lastKnownFileType = sourcecode.swift; path = Data_Pill_UI_Tests_Launch_Tests.swift; sourceTree = "<group>"; };
		270EC9C529584210008A27AA /* Data_Pill_UI_Tests_Launch_Performance.swift */ = {isa = PBXFileReference; lastKnownFileType = sourcecode.swift; path = Data_Pill_UI_Tests_Launch_Performance.swift; sourceTree = "<group>"; };
		271D8FEA29004B2800965FC3 /* Data_Usage_Repository_Test_Case.swift */ = {isa = PBXFileReference; lastKnownFileType = sourcecode.swift; path = Data_Usage_Repository_Test_Case.swift; sourceTree = "<group>"; };
		274FCF4A2978B3E10087AC86 /* Base */ = {isa = PBXFileReference; lastKnownFileType = file.intentdefinition; name = Base; path = Base.lproj/UsageType.intentdefinition; sourceTree = "<group>"; };
		274FCF7C2978CA870087AC86 /* zh-Hans */ = {isa = PBXFileReference; lastKnownFileType = text.plist.strings; name = "zh-Hans"; path = "zh-Hans.lproj/UsageType.strings"; sourceTree = "<group>"; };
		274FCF7E2978CA870087AC86 /* zh-Hans */ = {isa = PBXFileReference; lastKnownFileType = text.plist.strings; name = "zh-Hans"; path = "zh-Hans.lproj/InfoPlist.strings"; sourceTree = "<group>"; };
		274FCF812978CA870087AC86 /* zh-Hans */ = {isa = PBXFileReference; lastKnownFileType = text.plist.strings; name = "zh-Hans"; path = "zh-Hans.lproj/Localizable.strings"; sourceTree = "<group>"; };
		274FCF842978CA870087AC86 /* zh-Hans */ = {isa = PBXFileReference; lastKnownFileType = text.plist.strings; name = "zh-Hans"; path = "zh-Hans.lproj/Data-Pill-InfoPlist.strings"; sourceTree = "<group>"; };
		274FCF872978CA870087AC86 /* zh-Hans */ = {isa = PBXFileReference; lastKnownFileType = text.plist.strings; name = "zh-Hans"; path = "zh-Hans.lproj/Localizable.strings"; sourceTree = "<group>"; };
		274FCF892978CB900087AC86 /* fil */ = {isa = PBXFileReference; lastKnownFileType = text.plist.strings; name = fil; path = fil.lproj/UsageType.strings; sourceTree = "<group>"; };
		274FCF8A2978CB900087AC86 /* fil */ = {isa = PBXFileReference; lastKnownFileType = text.plist.strings; name = fil; path = fil.lproj/InfoPlist.strings; sourceTree = "<group>"; };
		274FCF8B2978CB900087AC86 /* fil */ = {isa = PBXFileReference; lastKnownFileType = text.plist.strings; name = fil; path = fil.lproj/Localizable.strings; sourceTree = "<group>"; };
		274FCF8C2978CB900087AC86 /* fil */ = {isa = PBXFileReference; lastKnownFileType = text.plist.strings; name = fil; path = "fil.lproj/Data-Pill-InfoPlist.strings"; sourceTree = "<group>"; };
		274FCF8D2978CB900087AC86 /* fil */ = {isa = PBXFileReference; lastKnownFileType = text.plist.strings; name = fil; path = fil.lproj/Localizable.strings; sourceTree = "<group>"; };
		274FCF8E2978CBAC0087AC86 /* de */ = {isa = PBXFileReference; lastKnownFileType = text.plist.strings; name = de; path = de.lproj/UsageType.strings; sourceTree = "<group>"; };
		274FCF8F2978CBAC0087AC86 /* de */ = {isa = PBXFileReference; lastKnownFileType = text.plist.strings; name = de; path = de.lproj/InfoPlist.strings; sourceTree = "<group>"; };
		274FCF902978CBAC0087AC86 /* de */ = {isa = PBXFileReference; lastKnownFileType = text.plist.strings; name = de; path = de.lproj/Localizable.strings; sourceTree = "<group>"; };
		274FCF912978CBAC0087AC86 /* de */ = {isa = PBXFileReference; lastKnownFileType = text.plist.strings; name = de; path = "de.lproj/Data-Pill-InfoPlist.strings"; sourceTree = "<group>"; };
		274FCF922978CBAC0087AC86 /* de */ = {isa = PBXFileReference; lastKnownFileType = text.plist.strings; name = de; path = de.lproj/Localizable.strings; sourceTree = "<group>"; };
		274FCF932978D9860087AC86 /* Toast_Timer_Test_Case.swift */ = {isa = PBXFileReference; lastKnownFileType = sourcecode.swift; path = Toast_Timer_Test_Case.swift; sourceTree = "<group>"; };
		2761528C293CAF7F00AEA000 /* Widget_Model_Test_Case.swift */ = {isa = PBXFileReference; lastKnownFileType = sourcecode.swift; path = Widget_Model_Test_Case.swift; sourceTree = "<group>"; };
		2761528F293E3FCC00AEA000 /* DataPlan.swift */ = {isa = PBXFileReference; lastKnownFileType = sourcecode.swift; path = DataPlan.swift; sourceTree = "<group>"; };
		276626F82B4AACDA00613C82 /* Configuration.swift */ = {isa = PBXFileReference; lastKnownFileType = sourcecode.swift; path = Configuration.swift; sourceTree = "<group>"; };
		27801DAC28D6C96800201339 /* Data Pill.app */ = {isa = PBXFileReference; explicitFileType = wrapper.application; includeInIndex = 0; path = "Data Pill.app"; sourceTree = BUILT_PRODUCTS_DIR; };
		27801DB028D6C96800201339 /* AppView.swift */ = {isa = PBXFileReference; lastKnownFileType = sourcecode.swift; path = AppView.swift; sourceTree = "<group>"; };
		27801DB328D6C96800201339 /* PillGroupView.swift */ = {isa = PBXFileReference; lastKnownFileType = sourcecode.swift; path = PillGroupView.swift; sourceTree = "<group>"; };
		27801DB628D6C96800201339 /* AppViewModel.swift */ = {isa = PBXFileReference; lastKnownFileType = sourcecode.swift; path = AppViewModel.swift; sourceTree = "<group>"; };
		27801DB928D6C96800201339 /* Dimensions.swift */ = {isa = PBXFileReference; lastKnownFileType = sourcecode.swift; path = Dimensions.swift; sourceTree = "<group>"; };
		27801DBC28D6C96800201339 /* Icon.swift */ = {isa = PBXFileReference; lastKnownFileType = sourcecode.swift; path = Icon.swift; sourceTree = "<group>"; };
		27801DC028D6C96800201339 /* Text.swift */ = {isa = PBXFileReference; lastKnownFileType = sourcecode.swift; path = Text.swift; sourceTree = "<group>"; };
		27801DC228D6C96800201339 /* Type.swift */ = {isa = PBXFileReference; lastKnownFileType = sourcecode.swift; path = Type.swift; sourceTree = "<group>"; };
		27801DC428D6C96800201339 /* Frame.swift */ = {isa = PBXFileReference; lastKnownFileType = sourcecode.swift; path = Frame.swift; sourceTree = "<group>"; };
		27801DC628D6C96800201339 /* Color.swift */ = {isa = PBXFileReference; lastKnownFileType = sourcecode.swift; path = Color.swift; sourceTree = "<group>"; };
		27801DC828D6C96800201339 /* Data_PillApp.swift */ = {isa = PBXFileReference; lastKnownFileType = sourcecode.swift; path = Data_PillApp.swift; sourceTree = "<group>"; };
		27801DCC28D6C96B00201339 /* Assets.xcassets */ = {isa = PBXFileReference; lastKnownFileType = folder.assetcatalog; path = Assets.xcassets; sourceTree = "<group>"; };
		27801DCF28D6C96B00201339 /* Preview Assets.xcassets */ = {isa = PBXFileReference; lastKnownFileType = folder.assetcatalog; path = "Preview Assets.xcassets"; sourceTree = "<group>"; };
		27801DD928D6CF3900201339 /* SFProText-Bold.ttf */ = {isa = PBXFileReference; lastKnownFileType = file; path = "SFProText-Bold.ttf"; sourceTree = "<group>"; };
		27801DDA28D6CF3900201339 /* SFProText-Medium.ttf */ = {isa = PBXFileReference; lastKnownFileType = file; path = "SFProText-Medium.ttf"; sourceTree = "<group>"; };
		27801DDB28D6CF3900201339 /* SFProText-Semibold.ttf */ = {isa = PBXFileReference; lastKnownFileType = file; path = "SFProText-Semibold.ttf"; sourceTree = "<group>"; };
		27801DDF28D6CF4F00201339 /* Data-Pill-Info.plist */ = {isa = PBXFileReference; lastKnownFileType = text.plist; path = "Data-Pill-Info.plist"; sourceTree = SOURCE_ROOT; };
		27801DE128D6D15000201339 /* ItemCardView.swift */ = {isa = PBXFileReference; lastKnownFileType = sourcecode.swift; path = ItemCardView.swift; sourceTree = "<group>"; };
		27801DE328D6F01900201339 /* Modifier.swift */ = {isa = PBXFileReference; lastKnownFileType = sourcecode.swift; path = Modifier.swift; sourceTree = "<group>"; };
		27801DE528D6F59700201339 /* PillView.swift */ = {isa = PBXFileReference; lastKnownFileType = sourcecode.swift; path = PillView.swift; sourceTree = "<group>"; };
		27801DE728D7215D00201339 /* Enums.swift */ = {isa = PBXFileReference; lastKnownFileType = sourcecode.swift; path = Enums.swift; sourceTree = "<group>"; };
		27801DE928D72A6600201339 /* Date.swift */ = {isa = PBXFileReference; lastKnownFileType = sourcecode.swift; path = Date.swift; sourceTree = "<group>"; };
		27801DEB28D73AC900201339 /* UsedCardView.swift */ = {isa = PBXFileReference; lastKnownFileType = sourcecode.swift; path = UsedCardView.swift; sourceTree = "<group>"; };
		27801DED28D8B7FA00201339 /* Numbers.swift */ = {isa = PBXFileReference; lastKnownFileType = sourcecode.swift; path = Numbers.swift; sourceTree = "<group>"; };
		27801DEF28D8BA2400201339 /* UsageCardView.swift */ = {isa = PBXFileReference; lastKnownFileType = sourcecode.swift; path = UsageCardView.swift; sourceTree = "<group>"; };
		27801DF128D8BDBE00201339 /* ToggleView.swift */ = {isa = PBXFileReference; lastKnownFileType = sourcecode.swift; path = ToggleView.swift; sourceTree = "<group>"; };
		27801DF328D8C71C00201339 /* AutoPeriodCardView.swift */ = {isa = PBXFileReference; lastKnownFileType = sourcecode.swift; path = AutoPeriodCardView.swift; sourceTree = "<group>"; };
		27801DF828DA0A8600201339 /* DataPlanCardView.swift */ = {isa = PBXFileReference; lastKnownFileType = sourcecode.swift; path = DataPlanCardView.swift; sourceTree = "<group>"; };
		27801DFA28DA0B0D00201339 /* NavRowView.swift */ = {isa = PBXFileReference; lastKnownFileType = sourcecode.swift; path = NavRowView.swift; sourceTree = "<group>"; };
		27801DFC28DA0CF500201339 /* DividerView.swift */ = {isa = PBXFileReference; lastKnownFileType = sourcecode.swift; path = DividerView.swift; sourceTree = "<group>"; };
		27801DFE28DA13C500201339 /* DataPlanLimitView.swift */ = {isa = PBXFileReference; lastKnownFileType = sourcecode.swift; path = DataPlanLimitView.swift; sourceTree = "<group>"; };
		27801E0228DA196E00201339 /* HistoryView.swift */ = {isa = PBXFileReference; lastKnownFileType = sourcecode.swift; path = HistoryView.swift; sourceTree = "<group>"; };
		27801E0428DA1A7A00201339 /* DraggablePillView.swift */ = {isa = PBXFileReference; lastKnownFileType = sourcecode.swift; path = DraggablePillView.swift; sourceTree = "<group>"; };
		27801E0828E054C400201339 /* CloseIconView.swift */ = {isa = PBXFileReference; lastKnownFileType = sourcecode.swift; path = CloseIconView.swift; sourceTree = "<group>"; };
		27801E0C28E0C02200201339 /* DateInputView.swift */ = {isa = PBXFileReference; lastKnownFileType = sourcecode.swift; path = DateInputView.swift; sourceTree = "<group>"; };
		27801E0E28E1E7C500201339 /* ButtonView.swift */ = {isa = PBXFileReference; lastKnownFileType = sourcecode.swift; path = ButtonView.swift; sourceTree = "<group>"; };
		27801E1428E8227500201339 /* StepperButtonView.swift */ = {isa = PBXFileReference; lastKnownFileType = sourcecode.swift; path = StepperButtonView.swift; sourceTree = "<group>"; };
		27801E1628E82B9100201339 /* TextInputView.swift */ = {isa = PBXFileReference; lastKnownFileType = sourcecode.swift; path = TextInputView.swift; sourceTree = "<group>"; };
		27801E1828E951A000201339 /* NetworkDataRepository.swift */ = {isa = PBXFileReference; lastKnownFileType = sourcecode.swift; path = NetworkDataRepository.swift; sourceTree = "<group>"; };
		27801E1D28E98F0D00201339 /* LocalStorage.swift */ = {isa = PBXFileReference; lastKnownFileType = sourcecode.swift; path = LocalStorage.swift; sourceTree = "<group>"; };
		27801E2028E9B16E00201339 /* DataUsage.xcdatamodel */ = {isa = PBXFileReference; lastKnownFileType = wrapper.xcdatamodel; path = DataUsage.xcdatamodel; sourceTree = "<group>"; };
		27801E2228E9B29D00201339 /* LocalDatabase.swift */ = {isa = PBXFileReference; lastKnownFileType = sourcecode.swift; path = LocalDatabase.swift; sourceTree = "<group>"; };
		27801E3628E9E3D100201339 /* DataUsage.swift */ = {isa = PBXFileReference; lastKnownFileType = sourcecode.swift; path = DataUsage.swift; sourceTree = "<group>"; };
		27801E3C28E9F72F00201339 /* DataUsageRepository.swift */ = {isa = PBXFileReference; lastKnownFileType = sourcecode.swift; path = DataUsageRepository.swift; sourceTree = "<group>"; };
		27801E3E28E9FDAA00201339 /* AppDataRepository.swift */ = {isa = PBXFileReference; lastKnownFileType = sourcecode.swift; path = AppDataRepository.swift; sourceTree = "<group>"; };
		278D6B6828F17065006931DA /* DataInfo.swift */ = {isa = PBXFileReference; lastKnownFileType = sourcecode.swift; path = DataInfo.swift; sourceTree = "<group>"; };
		278E7343295BFAB20020F84B /* ToastTimer.swift */ = {isa = PBXFileReference; lastKnownFileType = sourcecode.swift; path = ToastTimer.swift; sourceTree = "<group>"; };
		278E7347295C57E30020F84B /* Validator.swift */ = {isa = PBXFileReference; lastKnownFileType = sourcecode.swift; path = Validator.swift; sourceTree = "<group>"; };
		278E7349295D4EF10020F84B /* Validator_Test_Case.swift */ = {isa = PBXFileReference; lastKnownFileType = sourcecode.swift; path = Validator_Test_Case.swift; sourceTree = "<group>"; };
		278FB2C928F2E55900BE78C2 /* Data Pill Tests.xctest */ = {isa = PBXFileReference; explicitFileType = wrapper.cfbundle; includeInIndex = 0; path = "Data Pill Tests.xctest"; sourceTree = BUILT_PRODUCTS_DIR; };
		278FB2CB28F2E55900BE78C2 /* Numbers_Test_Case.swift */ = {isa = PBXFileReference; lastKnownFileType = sourcecode.swift; path = Numbers_Test_Case.swift; sourceTree = "<group>"; };
		278FB2D228F321EE00BE78C2 /* Date_Test_Case.swift */ = {isa = PBXFileReference; lastKnownFileType = sourcecode.swift; path = Date_Test_Case.swift; sourceTree = "<group>"; };
		278FB2D428F53DCA00BE78C2 /* Stepper.swift */ = {isa = PBXFileReference; lastKnownFileType = sourcecode.swift; path = Stepper.swift; sourceTree = "<group>"; };
		278FB2D628F544C100BE78C2 /* Stepper_Test_Case.swift */ = {isa = PBXFileReference; lastKnownFileType = sourcecode.swift; path = Stepper_Test_Case.swift; sourceTree = "<group>"; };
		278FB31028FAA00F00BE78C2 /* Animation.swift */ = {isa = PBXFileReference; lastKnownFileType = sourcecode.swift; path = Animation.swift; sourceTree = "<group>"; };
		278FB31228FAA61500BE78C2 /* StepperView.swift */ = {isa = PBXFileReference; lastKnownFileType = sourcecode.swift; path = StepperView.swift; sourceTree = "<group>"; };
		27A0A8F0295858AD0007C412 /* Logging.swift */ = {isa = PBXFileReference; lastKnownFileType = sourcecode.swift; path = Logging.swift; sourceTree = "<group>"; };
		27AECC8D2916E5E600AB963E /* App_View_Model_Test_Case.swift */ = {isa = PBXFileReference; lastKnownFileType = sourcecode.swift; path = App_View_Model_Test_Case.swift; sourceTree = "<group>"; };
		27B10A71295BE714009E910C /* ToastView.swift */ = {isa = PBXFileReference; lastKnownFileType = sourcecode.swift; path = ToastView.swift; sourceTree = "<group>"; };
		27B90B8428F2D28100263983 /* Constants.swift */ = {isa = PBXFileReference; lastKnownFileType = sourcecode.swift; path = Constants.swift; sourceTree = "<group>"; };
		27B90B8628F2D31600263983 /* DataUsagePreview.swift */ = {isa = PBXFileReference; lastKnownFileType = sourcecode.swift; path = DataUsagePreview.swift; sourceTree = "<group>"; };
		27B90B8828F2D43700263983 /* DataTest.swift */ = {isa = PBXFileReference; lastKnownFileType = sourcecode.swift; path = DataTest.swift; sourceTree = "<group>"; };
		27BB19EA2971568800851E14 /* PillTitleView.swift */ = {isa = PBXFileReference; lastKnownFileType = sourcecode.swift; path = PillTitleView.swift; sourceTree = "<group>"; };
		27BB19EC2972D1F400851E14 /* AccessibilityLabels.swift */ = {isa = PBXFileReference; lastKnownFileType = sourcecode.swift; path = AccessibilityLabels.swift; sourceTree = "<group>"; };
		27BE08292928BD6C00E0781C /* StepperValueView.swift */ = {isa = PBXFileReference; lastKnownFileType = sourcecode.swift; path = StepperValueView.swift; sourceTree = "<group>"; };
		27BE082B2928D7BE00E0781C /* Types.swift */ = {isa = PBXFileReference; lastKnownFileType = sourcecode.swift; path = Types.swift; sourceTree = "<group>"; };
		27E776FC293365410031456D /* WidgetPillView.swift */ = {isa = PBXFileReference; lastKnownFileType = sourcecode.swift; path = WidgetPillView.swift; sourceTree = "<group>"; };
		27E776FE293365730031456D /* BasePillView.swift */ = {isa = PBXFileReference; lastKnownFileType = sourcecode.swift; path = BasePillView.swift; sourceTree = "<group>"; };
		27E77704293367450031456D /* Data Pill WidgetExtension.appex */ = {isa = PBXFileReference; explicitFileType = "wrapper.app-extension"; includeInIndex = 0; path = "Data Pill WidgetExtension.appex"; sourceTree = BUILT_PRODUCTS_DIR; };
		27E77706293367450031456D /* WidgetKit.framework */ = {isa = PBXFileReference; lastKnownFileType = wrapper.framework; name = WidgetKit.framework; path = System/Library/Frameworks/WidgetKit.framework; sourceTree = SDKROOT; };
		27E77708293367450031456D /* SwiftUI.framework */ = {isa = PBXFileReference; lastKnownFileType = wrapper.framework; name = SwiftUI.framework; path = System/Library/Frameworks/SwiftUI.framework; sourceTree = SDKROOT; };
		27E7770B293367450031456D /* Data_Pill_Widget.swift */ = {isa = PBXFileReference; lastKnownFileType = sourcecode.swift; path = Data_Pill_Widget.swift; sourceTree = "<group>"; };
		27E7770D293367470031456D /* Assets.xcassets */ = {isa = PBXFileReference; lastKnownFileType = folder.assetcatalog; path = Assets.xcassets; sourceTree = "<group>"; };
		27E7770F293367470031456D /* Info.plist */ = {isa = PBXFileReference; lastKnownFileType = text.plist.xml; path = Info.plist; sourceTree = "<group>"; };
		27E7771F29336AA10031456D /* Unit.swift */ = {isa = PBXFileReference; lastKnownFileType = sourcecode.swift; path = Unit.swift; sourceTree = "<group>"; };
		27E7772C2933844A0031456D /* ToggleItem.swift */ = {isa = PBXFileReference; lastKnownFileType = sourcecode.swift; path = ToggleItem.swift; sourceTree = "<group>"; };
		27E7772F2933C25F0031456D /* Data Pill WidgetExtensionRelease.entitlements */ = {isa = PBXFileReference; lastKnownFileType = text.plist.entitlements; path = "Data Pill WidgetExtensionRelease.entitlements"; sourceTree = "<group>"; };
		27E777372934AF060031456D /* WidgetModel.swift */ = {isa = PBXFileReference; lastKnownFileType = sourcecode.swift; path = WidgetModel.swift; sourceTree = "<group>"; };
		27E7773D2934B3CB0031456D /* StepperValueTypes.swift */ = {isa = PBXFileReference; lastKnownFileType = sourcecode.swift; path = StepperValueTypes.swift; sourceTree = "<group>"; };
		27E777412934CD610031456D /* DayPill.swift */ = {isa = PBXFileReference; lastKnownFileType = sourcecode.swift; path = DayPill.swift; sourceTree = "<group>"; };
		27E7774A2934D86B0031456D /* Data PillRelease.entitlements */ = {isa = PBXFileReference; lastKnownFileType = text.plist.entitlements; path = "Data PillRelease.entitlements"; sourceTree = "<group>"; };
		27E7774B293500BB0031456D /* Provider.swift */ = {isa = PBXFileReference; lastKnownFileType = sourcecode.swift; path = Provider.swift; sourceTree = "<group>"; };
		27E7774E2935010D0031456D /* Entry.swift */ = {isa = PBXFileReference; lastKnownFileType = sourcecode.swift; path = Entry.swift; sourceTree = "<group>"; };
		27E77750293B68D00031456D /* Widget.swift */ = {isa = PBXFileReference; lastKnownFileType = sourcecode.swift; path = Widget.swift; sourceTree = "<group>"; };
		27E77753293C44070031456D /* FillLineView.swift */ = {isa = PBXFileReference; lastKnownFileType = sourcecode.swift; path = FillLineView.swift; sourceTree = "<group>"; };
		27E77756293C4AAB0031456D /* SFProText-Heavy.ttf */ = {isa = PBXFileReference; lastKnownFileType = file; path = "SFProText-Heavy.ttf"; sourceTree = "<group>"; };
		27F233AC2945CD4800E6102D /* SmallWidgetView.swift */ = {isa = PBXFileReference; lastKnownFileType = sourcecode.swift; path = SmallWidgetView.swift; sourceTree = "<group>"; };
		27F233AF2945CD6300E6102D /* RectangularWidgetView.swift */ = {isa = PBXFileReference; lastKnownFileType = sourcecode.swift; path = RectangularWidgetView.swift; sourceTree = "<group>"; };
		27F233B22955434B00E6102D /* EditItemCardView.swift */ = {isa = PBXFileReference; lastKnownFileType = sourcecode.swift; path = EditItemCardView.swift; sourceTree = "<group>"; };
		27F47DD92905330D00B3F83D /* App_Data_Repository_Test_Case.swift */ = {isa = PBXFileReference; lastKnownFileType = sourcecode.swift; path = App_Data_Repository_Test_Case.swift; sourceTree = "<group>"; };
		27F47DDB29053AE400B3F83D /* Network_Data_Repository_Test_Case.swift */ = {isa = PBXFileReference; lastKnownFileType = sourcecode.swift; path = Network_Data_Repository_Test_Case.swift; sourceTree = "<group>"; };
		27F47DDE29067C8E00B3F83D /* Button.swift */ = {isa = PBXFileReference; lastKnownFileType = sourcecode.swift; path = Button.swift; sourceTree = "<group>"; };
		27FDBCDA2963F565008FA32E /* SelectPlanTypeView.swift */ = {isa = PBXFileReference; lastKnownFileType = sourcecode.swift; path = SelectPlanTypeView.swift; sourceTree = "<group>"; };
		27FDBCDC2963F7D0008FA32E /* LargeButtonView.swift */ = {isa = PBXFileReference; lastKnownFileType = sourcecode.swift; path = LargeButtonView.swift; sourceTree = "<group>"; };
		27FDBCDE2963FF8D008FA32E /* NonPlanView.swift */ = {isa = PBXFileReference; lastKnownFileType = sourcecode.swift; path = NonPlanView.swift; sourceTree = "<group>"; };
		27FDBCE02963FF96008FA32E /* PlanView.swift */ = {isa = PBXFileReference; lastKnownFileType = sourcecode.swift; path = PlanView.swift; sourceTree = "<group>"; };
		27FDBCE229646F07008FA32E /* SlideToggleView.swift */ = {isa = PBXFileReference; lastKnownFileType = sourcecode.swift; path = SlideToggleView.swift; sourceTree = "<group>"; };
/* End PBXFileReference section */

/* Begin PBXFrameworksBuildPhase section */
		270EC9B72956A898008A27AA /* Frameworks */ = {
			isa = PBXFrameworksBuildPhase;
			buildActionMask = 2147483647;
			files = (
			);
			runOnlyForDeploymentPostprocessing = 0;
		};
		27801DA928D6C96800201339 /* Frameworks */ = {
			isa = PBXFrameworksBuildPhase;
			buildActionMask = 2147483647;
			files = (
			);
			runOnlyForDeploymentPostprocessing = 0;
		};
		278FB2C628F2E55900BE78C2 /* Frameworks */ = {
			isa = PBXFrameworksBuildPhase;
			buildActionMask = 2147483647;
			files = (
			);
			runOnlyForDeploymentPostprocessing = 0;
		};
		27E77701293367450031456D /* Frameworks */ = {
			isa = PBXFrameworksBuildPhase;
			buildActionMask = 2147483647;
			files = (
				27E77709293367450031456D /* SwiftUI.framework in Frameworks */,
				27E77707293367450031456D /* WidgetKit.framework in Frameworks */,
			);
			runOnlyForDeploymentPostprocessing = 0;
		};
/* End PBXFrameworksBuildPhase section */

/* Begin PBXGroup section */
		270B264B2963E166001B316F /* Guide */ = {
			isa = PBXGroup;
			children = (
				27FDBCDA2963F565008FA32E /* SelectPlanTypeView.swift */,
				27FDBCDE2963FF8D008FA32E /* NonPlanView.swift */,
				27FDBCE02963FF96008FA32E /* PlanView.swift */,
			);
			path = Guide;
			sourceTree = "<group>";
		};
		270EC9BB2956A899008A27AA /* Data Pill UI Tests */ = {
			isa = PBXGroup;
			children = (
				270EC9C529584210008A27AA /* Data_Pill_UI_Tests_Launch_Performance.swift */,
				270EC9BC2956A899008A27AA /* Data_Pill_UI_Tests.swift */,
				270EC9BE2956A899008A27AA /* Data_Pill_UI_Tests_Launch_Tests.swift */,
			);
			path = "Data Pill UI Tests";
			sourceTree = "<group>";
		};
		27801DA328D6C96800201339 = {
			isa = PBXGroup;
			children = (
				27E7772F2933C25F0031456D /* Data Pill WidgetExtensionRelease.entitlements */,
				27801DAE28D6C96800201339 /* Data Pill */,
				27E7770A293367450031456D /* Data Pill Widget */,
				278FB2CA28F2E55900BE78C2 /* Data Pill Tests */,
				270EC9BB2956A899008A27AA /* Data Pill UI Tests */,
				27E77705293367450031456D /* Frameworks */,
				27801DAD28D6C96800201339 /* Products */,
			);
			sourceTree = "<group>";
		};
		27801DAD28D6C96800201339 /* Products */ = {
			isa = PBXGroup;
			children = (
				27801DAC28D6C96800201339 /* Data Pill.app */,
				278FB2C928F2E55900BE78C2 /* Data Pill Tests.xctest */,
				27E77704293367450031456D /* Data Pill WidgetExtension.appex */,
				270EC9BA2956A898008A27AA /* Data Pill UI Tests.xctest */,
			);
			name = Products;
			sourceTree = "<group>";
		};
		27801DAE28D6C96800201339 /* Data Pill */ = {
			isa = PBXGroup;
			children = (
				27E7774A2934D86B0031456D /* Data PillRelease.entitlements */,
				27801DDF28D6CF4F00201339 /* Data-Pill-Info.plist */,
				274FCF862978CA870087AC86 /* Localizable.strings */,
				274FCF832978CA870087AC86 /* Data-Pill-InfoPlist.strings */,
				27801DD628D6C9F200201339 /* App */,
				27801DAF28D6C96800201339 /* Views */,
				27801E1C28E98E6300201339 /* Data */,
				27801DB528D6C96800201339 /* Models */,
				27801DB828D6C96800201339 /* Utils */,
				27F47DDD290660B400B3F83D /* Style */,
				27801DBB28D6C96800201339 /* Theme */,
				27801DD728D6C9FB00201339 /* Resources */,
				27801DCE28D6C96B00201339 /* Preview Content */,
			);
			path = "Data Pill";
			sourceTree = "<group>";
		};
		27801DAF28D6C96800201339 /* Views */ = {
			isa = PBXGroup;
			children = (
				270B264C2963E516001B316F /* GuideView.swift */,
				27801DB028D6C96800201339 /* AppView.swift */,
				27801DB328D6C96800201339 /* PillGroupView.swift */,
				27801E0228DA196E00201339 /* HistoryView.swift */,
				270B264B2963E166001B316F /* Guide */,
				27F233AB2945CD2E00E6102D /* Widget */,
				278FB2D828F5B20400BE78C2 /* Pill */,
				27801DF728DA0A6B00201339 /* Cards */,
				27801DE028D6D12C00201339 /* Inputs */,
			);
			path = Views;
			sourceTree = "<group>";
		};
		27801DB528D6C96800201339 /* Models */ = {
			isa = PBXGroup;
			children = (
				27801DB628D6C96800201339 /* AppViewModel.swift */,
				27E777372934AF060031456D /* WidgetModel.swift */,
				27801E3628E9E3D100201339 /* DataUsage.swift */,
				2761528F293E3FCC00AEA000 /* DataPlan.swift */,
				278D6B6828F17065006931DA /* DataInfo.swift */,
				27B90B8828F2D43700263983 /* DataTest.swift */,
				27E777412934CD610031456D /* DayPill.swift */,
				27BE082B2928D7BE00E0781C /* Types.swift */,
				27E7771F29336AA10031456D /* Unit.swift */,
				27E7772C2933844A0031456D /* ToggleItem.swift */,
				27E7773D2934B3CB0031456D /* StepperValueTypes.swift */,
				27E77750293B68D00031456D /* Widget.swift */,
				27BB19EC2972D1F400851E14 /* AccessibilityLabels.swift */,
				27801E1F28E9B16E00201339 /* DataUsage.xcdatamodeld */,
			);
			path = Models;
			sourceTree = "<group>";
		};
		27801DB828D6C96800201339 /* Utils */ = {
			isa = PBXGroup;
			children = (
				278FB2D428F53DCA00BE78C2 /* Stepper.swift */,
				278E7347295C57E30020F84B /* Validator.swift */,
				27801DB928D6C96800201339 /* Dimensions.swift */,
				27801DE728D7215D00201339 /* Enums.swift */,
				27801DE928D72A6600201339 /* Date.swift */,
				27801DED28D8B7FA00201339 /* Numbers.swift */,
				27A0A8F0295858AD0007C412 /* Logging.swift */,
			);
			path = Utils;
			sourceTree = "<group>";
		};
		27801DBB28D6C96800201339 /* Theme */ = {
			isa = PBXGroup;
			children = (
				27801DBC28D6C96800201339 /* Icon.swift */,
				27801DC228D6C96800201339 /* Type.swift */,
				27801DC628D6C96800201339 /* Color.swift */,
			);
			path = Theme;
			sourceTree = "<group>";
		};
		27801DCE28D6C96B00201339 /* Preview Content */ = {
			isa = PBXGroup;
			children = (
				27801DCF28D6C96B00201339 /* Preview Assets.xcassets */,
				27B90B8628F2D31600263983 /* DataUsagePreview.swift */,
			);
			path = "Preview Content";
			sourceTree = "<group>";
		};
		27801DD628D6C9F200201339 /* App */ = {
			isa = PBXGroup;
			children = (
				27801DC828D6C96800201339 /* Data_PillApp.swift */,
			);
			path = App;
			sourceTree = "<group>";
		};
		27801DD728D6C9FB00201339 /* Resources */ = {
			isa = PBXGroup;
			children = (
				27801DD828D6CF2D00201339 /* Fonts */,
				27801DCC28D6C96B00201339 /* Assets.xcassets */,
			);
			path = Resources;
			sourceTree = "<group>";
		};
		27801DD828D6CF2D00201339 /* Fonts */ = {
			isa = PBXGroup;
			children = (
				27E77756293C4AAB0031456D /* SFProText-Heavy.ttf */,
				27801DD928D6CF3900201339 /* SFProText-Bold.ttf */,
				27801DDA28D6CF3900201339 /* SFProText-Medium.ttf */,
				27801DDB28D6CF3900201339 /* SFProText-Semibold.ttf */,
			);
			path = Fonts;
			sourceTree = "<group>";
		};
		27801DE028D6D12C00201339 /* Inputs */ = {
			isa = PBXGroup;
			children = (
				27801DFA28DA0B0D00201339 /* NavRowView.swift */,
				27801DFC28DA0CF500201339 /* DividerView.swift */,
				27801E0828E054C400201339 /* CloseIconView.swift */,
				27801E0C28E0C02200201339 /* DateInputView.swift */,
				27801E0E28E1E7C500201339 /* ButtonView.swift */,
				27FDBCDC2963F7D0008FA32E /* LargeButtonView.swift */,
				27BE08282928BD3F00E0781C /* Stepper */,
				27801DF128D8BDBE00201339 /* ToggleView.swift */,
				27FDBCE229646F07008FA32E /* SlideToggleView.swift */,
				27801E1628E82B9100201339 /* TextInputView.swift */,
				27B10A71295BE714009E910C /* ToastView.swift */,
			);
			path = Inputs;
			sourceTree = "<group>";
		};
		27801DF728DA0A6B00201339 /* Cards */ = {
			isa = PBXGroup;
			children = (
				27801DE128D6D15000201339 /* ItemCardView.swift */,
				27801DEB28D73AC900201339 /* UsedCardView.swift */,
				27801DEF28D8BA2400201339 /* UsageCardView.swift */,
				27801DF328D8C71C00201339 /* AutoPeriodCardView.swift */,
				27801DF828DA0A8600201339 /* DataPlanCardView.swift */,
				27801DFE28DA13C500201339 /* DataPlanLimitView.swift */,
				27F233B22955434B00E6102D /* EditItemCardView.swift */,
			);
			path = Cards;
			sourceTree = "<group>";
		};
		27801E1C28E98E6300201339 /* Data */ = {
			isa = PBXGroup;
			children = (
				27801E1828E951A000201339 /* NetworkDataRepository.swift */,
				27801E3C28E9F72F00201339 /* DataUsageRepository.swift */,
				27801E3E28E9FDAA00201339 /* AppDataRepository.swift */,
				27801E1D28E98F0D00201339 /* LocalStorage.swift */,
				27801E2228E9B29D00201339 /* LocalDatabase.swift */,
				278E7343295BFAB20020F84B /* ToastTimer.swift */,
				27B90B8428F2D28100263983 /* Constants.swift */,
			);
			path = Data;
			sourceTree = "<group>";
		};
		278FB2CA28F2E55900BE78C2 /* Data Pill Tests */ = {
			isa = PBXGroup;
			children = (
				274FCF932978D9860087AC86 /* Toast_Timer_Test_Case.swift */,
				278E7349295D4EF10020F84B /* Validator_Test_Case.swift */,
				2761528C293CAF7F00AEA000 /* Widget_Model_Test_Case.swift */,
				27AECC8D2916E5E600AB963E /* App_View_Model_Test_Case.swift */,
				27F47DDB29053AE400B3F83D /* Network_Data_Repository_Test_Case.swift */,
				27F47DD92905330D00B3F83D /* App_Data_Repository_Test_Case.swift */,
				271D8FEA29004B2800965FC3 /* Data_Usage_Repository_Test_Case.swift */,
				278FB2D628F544C100BE78C2 /* Stepper_Test_Case.swift */,
				278FB2D228F321EE00BE78C2 /* Date_Test_Case.swift */,
				278FB2CB28F2E55900BE78C2 /* Numbers_Test_Case.swift */,
			);
			path = "Data Pill Tests";
			sourceTree = "<group>";
		};
		278FB2D828F5B20400BE78C2 /* Pill */ = {
			isa = PBXGroup;
			children = (
				27E776FE293365730031456D /* BasePillView.swift */,
				27801DE528D6F59700201339 /* PillView.swift */,
				27801E0428DA1A7A00201339 /* DraggablePillView.swift */,
				27E77753293C44070031456D /* FillLineView.swift */,
				27BB19EA2971568800851E14 /* PillTitleView.swift */,
			);
			path = Pill;
			sourceTree = "<group>";
		};
		27BE08282928BD3F00E0781C /* Stepper */ = {
			isa = PBXGroup;
			children = (
				27801E1428E8227500201339 /* StepperButtonView.swift */,
				278FB31228FAA61500BE78C2 /* StepperView.swift */,
				27BE08292928BD6C00E0781C /* StepperValueView.swift */,
			);
			path = Stepper;
			sourceTree = "<group>";
		};
		27E77705293367450031456D /* Frameworks */ = {
			isa = PBXGroup;
			children = (
				27E77706293367450031456D /* WidgetKit.framework */,
				27E77708293367450031456D /* SwiftUI.framework */,
			);
			name = Frameworks;
			sourceTree = "<group>";
		};
		27E7770A293367450031456D /* Data Pill Widget */ = {
			isa = PBXGroup;
			children = (
				274FCF4B2978B3E10087AC86 /* UsageType.intentdefinition */,
				27E7770F293367470031456D /* Info.plist */,
				274FCF802978CA870087AC86 /* Localizable.strings */,
				274FCF7D2978CA870087AC86 /* InfoPlist.strings */,
				27E7770B293367450031456D /* Data_Pill_Widget.swift */,
				27E7774E2935010D0031456D /* Entry.swift */,
				27E7774B293500BB0031456D /* Provider.swift */,
				276626F82B4AACDA00613C82 /* Configuration.swift */,
				27E7770D293367470031456D /* Assets.xcassets */,
			);
			path = "Data Pill Widget";
			sourceTree = "<group>";
		};
		27F233AB2945CD2E00E6102D /* Widget */ = {
			isa = PBXGroup;
			children = (
				27E776FC293365410031456D /* WidgetPillView.swift */,
				27F233AC2945CD4800E6102D /* SmallWidgetView.swift */,
				27F233AF2945CD6300E6102D /* RectangularWidgetView.swift */,
			);
			path = Widget;
			sourceTree = "<group>";
		};
		27F47DDD290660B400B3F83D /* Style */ = {
			isa = PBXGroup;
			children = (
				27801DE328D6F01900201339 /* Modifier.swift */,
				27801DC028D6C96800201339 /* Text.swift */,
				27801DC428D6C96800201339 /* Frame.swift */,
				278FB31028FAA00F00BE78C2 /* Animation.swift */,
				27F47DDE29067C8E00B3F83D /* Button.swift */,
			);
			path = Style;
			sourceTree = "<group>";
		};
/* End PBXGroup section */

/* Begin PBXNativeTarget section */
		270EC9B92956A898008A27AA /* Data Pill UI Tests */ = {
			isa = PBXNativeTarget;
			buildConfigurationList = 270EC9C42956A899008A27AA /* Build configuration list for PBXNativeTarget "Data Pill UI Tests" */;
			buildPhases = (
				270EC9B62956A898008A27AA /* Sources */,
				270EC9B72956A898008A27AA /* Frameworks */,
				270EC9B82956A898008A27AA /* Resources */,
			);
			buildRules = (
			);
			dependencies = (
				270EC9C12956A899008A27AA /* PBXTargetDependency */,
			);
			name = "Data Pill UI Tests";
			productName = "Data Pill UI Tests";
			productReference = 270EC9BA2956A898008A27AA /* Data Pill UI Tests.xctest */;
			productType = "com.apple.product-type.bundle.ui-testing";
		};
		27801DAB28D6C96800201339 /* Data Pill */ = {
			isa = PBXNativeTarget;
			buildConfigurationList = 27801DD328D6C96B00201339 /* Build configuration list for PBXNativeTarget "Data Pill" */;
			buildPhases = (
				27801DA828D6C96800201339 /* Sources */,
				27801DA928D6C96800201339 /* Frameworks */,
				27801DAA28D6C96800201339 /* Resources */,
				27E77716293367470031456D /* Embed Foundation Extensions */,
			);
			buildRules = (
			);
			dependencies = (
				27E77711293367470031456D /* PBXTargetDependency */,
			);
			name = "Data Pill";
			productName = "Data Pill";
			productReference = 27801DAC28D6C96800201339 /* Data Pill.app */;
			productType = "com.apple.product-type.application";
		};
		278FB2C828F2E55900BE78C2 /* Data Pill Tests */ = {
			isa = PBXNativeTarget;
			buildConfigurationList = 278FB2D128F2E55900BE78C2 /* Build configuration list for PBXNativeTarget "Data Pill Tests" */;
			buildPhases = (
				278FB2C528F2E55900BE78C2 /* Sources */,
				278FB2C628F2E55900BE78C2 /* Frameworks */,
				278FB2C728F2E55900BE78C2 /* Resources */,
			);
			buildRules = (
			);
			dependencies = (
				278FB2CE28F2E55900BE78C2 /* PBXTargetDependency */,
			);
			name = "Data Pill Tests";
			productName = "Data Pill Tests";
			productReference = 278FB2C928F2E55900BE78C2 /* Data Pill Tests.xctest */;
			productType = "com.apple.product-type.bundle.unit-test";
		};
		27E77703293367450031456D /* Data Pill WidgetExtension */ = {
			isa = PBXNativeTarget;
			buildConfigurationList = 27E77713293367470031456D /* Build configuration list for PBXNativeTarget "Data Pill WidgetExtension" */;
			buildPhases = (
				27E77700293367450031456D /* Sources */,
				27E77701293367450031456D /* Frameworks */,
				27E77702293367450031456D /* Resources */,
			);
			buildRules = (
			);
			dependencies = (
			);
			name = "Data Pill WidgetExtension";
			productName = "Data Pill WidgetExtension";
			productReference = 27E77704293367450031456D /* Data Pill WidgetExtension.appex */;
			productType = "com.apple.product-type.app-extension";
		};
/* End PBXNativeTarget section */

/* Begin PBXProject section */
		27801DA428D6C96800201339 /* Project object */ = {
			isa = PBXProject;
			attributes = {
				BuildIndependentTargetsInParallel = 1;
				LastSwiftUpdateCheck = 1400;
				LastUpgradeCheck = 1340;
				TargetAttributes = {
					270EC9B92956A898008A27AA = {
						CreatedOnToolsVersion = 14.0.1;
						TestTargetID = 27801DAB28D6C96800201339;
					};
					27801DAB28D6C96800201339 = {
						CreatedOnToolsVersion = 13.4.1;
					};
					278FB2C828F2E55900BE78C2 = {
						CreatedOnToolsVersion = 14.0.1;
						TestTargetID = 27801DAB28D6C96800201339;
					};
					27E77703293367450031456D = {
						CreatedOnToolsVersion = 14.0.1;
					};
				};
			};
			buildConfigurationList = 27801DA728D6C96800201339 /* Build configuration list for PBXProject "Data Pill" */;
			compatibilityVersion = "Xcode 13.0";
			developmentRegion = en;
			hasScannedForEncodings = 0;
			knownRegions = (
				en,
				Base,
				de,
				fil,
				"zh-Hans",
			);
			mainGroup = 27801DA328D6C96800201339;
			productRefGroup = 27801DAD28D6C96800201339 /* Products */;
			projectDirPath = "";
			projectRoot = "";
			targets = (
				27801DAB28D6C96800201339 /* Data Pill */,
				27E77703293367450031456D /* Data Pill WidgetExtension */,
				278FB2C828F2E55900BE78C2 /* Data Pill Tests */,
				270EC9B92956A898008A27AA /* Data Pill UI Tests */,
			);
		};
/* End PBXProject section */

/* Begin PBXResourcesBuildPhase section */
		270EC9B82956A898008A27AA /* Resources */ = {
			isa = PBXResourcesBuildPhase;
			buildActionMask = 2147483647;
			files = (
			);
			runOnlyForDeploymentPostprocessing = 0;
		};
		27801DAA28D6C96800201339 /* Resources */ = {
			isa = PBXResourcesBuildPhase;
			buildActionMask = 2147483647;
			files = (
				27801DCD28D6C96B00201339 /* Assets.xcassets in Resources */,
				27801DD028D6C96B00201339 /* Preview Assets.xcassets in Resources */,
				274FCF852978CA870087AC86 /* Data-Pill-InfoPlist.strings in Resources */,
				27801DDC28D6CF3900201339 /* SFProText-Bold.ttf in Resources */,
				27801DDD28D6CF3900201339 /* SFProText-Medium.ttf in Resources */,
				274FCF882978CA870087AC86 /* Localizable.strings in Resources */,
				27E77757293C4AAC0031456D /* SFProText-Heavy.ttf in Resources */,
				27801DDE28D6CF3900201339 /* SFProText-Semibold.ttf in Resources */,
			);
			runOnlyForDeploymentPostprocessing = 0;
		};
		278FB2C728F2E55900BE78C2 /* Resources */ = {
			isa = PBXResourcesBuildPhase;
			buildActionMask = 2147483647;
			files = (
			);
			runOnlyForDeploymentPostprocessing = 0;
		};
		27E77702293367450031456D /* Resources */ = {
			isa = PBXResourcesBuildPhase;
			buildActionMask = 2147483647;
			files = (
				27E77717293367540031456D /* Assets.xcassets in Resources */,
				274FCF7F2978CA870087AC86 /* InfoPlist.strings in Resources */,
				27E77719293367590031456D /* SFProText-Medium.ttf in Resources */,
				27E77718293367570031456D /* SFProText-Bold.ttf in Resources */,
				27E7771A2933675B0031456D /* SFProText-Semibold.ttf in Resources */,
				274FCF822978CA870087AC86 /* Localizable.strings in Resources */,
				27E77758293C4AAC0031456D /* SFProText-Heavy.ttf in Resources */,
				27E7770E293367470031456D /* Assets.xcassets in Resources */,
			);
			runOnlyForDeploymentPostprocessing = 0;
		};
/* End PBXResourcesBuildPhase section */

/* Begin PBXSourcesBuildPhase section */
		270EC9B62956A898008A27AA /* Sources */ = {
			isa = PBXSourcesBuildPhase;
			buildActionMask = 2147483647;
			files = (
				270EC9BD2956A899008A27AA /* Data_Pill_UI_Tests.swift in Sources */,
				270EC9C629584210008A27AA /* Data_Pill_UI_Tests_Launch_Performance.swift in Sources */,
				270EC9BF2956A899008A27AA /* Data_Pill_UI_Tests_Launch_Tests.swift in Sources */,
			);
			runOnlyForDeploymentPostprocessing = 0;
		};
		27801DA828D6C96800201339 /* Sources */ = {
			isa = PBXSourcesBuildPhase;
			buildActionMask = 2147483647;
			files = (
				27FDBCE12963FF96008FA32E /* PlanView.swift in Sources */,
				2761528E293CB5CE00AEA000 /* WidgetModel.swift in Sources */,
				27801DBA28D6C96800201339 /* Dimensions.swift in Sources */,
				278FB31328FAA61500BE78C2 /* StepperView.swift in Sources */,
				27FDBCDB2963F565008FA32E /* SelectPlanTypeView.swift in Sources */,
				27801E1528E8227500201339 /* StepperButtonView.swift in Sources */,
				27801E1728E82B9100201339 /* TextInputView.swift in Sources */,
				27801DFB28DA0B0D00201339 /* NavRowView.swift in Sources */,
				278FB31128FAA00F00BE78C2 /* Animation.swift in Sources */,
				27801DFF28DA13C500201339 /* DataPlanLimitView.swift in Sources */,
				27801DC528D6C96800201339 /* Frame.swift in Sources */,
				27F233B02945CD6300E6102D /* RectangularWidgetView.swift in Sources */,
				27801DB728D6C96800201339 /* AppViewModel.swift in Sources */,
				27801DF428D8C71C00201339 /* AutoPeriodCardView.swift in Sources */,
				27E77754293C44080031456D /* FillLineView.swift in Sources */,
				27801E0528DA1A7B00201339 /* DraggablePillView.swift in Sources */,
				27E776FF293365730031456D /* BasePillView.swift in Sources */,
				27BB19ED2972D1F500851E14 /* AccessibilityLabels.swift in Sources */,
				27B90B8728F2D31600263983 /* DataUsagePreview.swift in Sources */,
				278E7348295C57E30020F84B /* Validator.swift in Sources */,
				27B10A72295BE714009E910C /* ToastView.swift in Sources */,
				27E7772D2933844A0031456D /* ToggleItem.swift in Sources */,
				274FCF482978B3E10087AC86 /* UsageType.intentdefinition in Sources */,
				27E777422934CD610031456D /* DayPill.swift in Sources */,
				27E776FD293365410031456D /* WidgetPillView.swift in Sources */,
				27801E0328DA196E00201339 /* HistoryView.swift in Sources */,
				278FB2D528F53DCA00BE78C2 /* Stepper.swift in Sources */,
				27801DEC28D73AC900201339 /* UsedCardView.swift in Sources */,
				27E77751293B68D10031456D /* Widget.swift in Sources */,
				27FDBCDF2963FF8D008FA32E /* NonPlanView.swift in Sources */,
				278E7344295BFAB20020F84B /* ToastTimer.swift in Sources */,
				27BE082A2928BD6C00E0781C /* StepperValueView.swift in Sources */,
				27801DB128D6C96800201339 /* AppView.swift in Sources */,
				27F233B32955434B00E6102D /* EditItemCardView.swift in Sources */,
				27801DE828D7215D00201339 /* Enums.swift in Sources */,
				27801E0F28E1E7C500201339 /* ButtonView.swift in Sources */,
				27F233AD2945CD4800E6102D /* SmallWidgetView.swift in Sources */,
				27F47DDF29067C8E00B3F83D /* Button.swift in Sources */,
				27801DF928DA0A8600201339 /* DataPlanCardView.swift in Sources */,
				27FDBCE329646F07008FA32E /* SlideToggleView.swift in Sources */,
				27FDBCDD2963F7D0008FA32E /* LargeButtonView.swift in Sources */,
				27801E0928E054C500201339 /* CloseIconView.swift in Sources */,
				27801E1E28E98F0D00201339 /* LocalStorage.swift in Sources */,
				270B264D2963E516001B316F /* GuideView.swift in Sources */,
				27801E1928E951A100201339 /* NetworkDataRepository.swift in Sources */,
				27801E0D28E0C02200201339 /* DateInputView.swift in Sources */,
				27E7772029336AA10031456D /* Unit.swift in Sources */,
				27801E2328E9B29D00201339 /* LocalDatabase.swift in Sources */,
				27801DF028D8BA2400201339 /* UsageCardView.swift in Sources */,
				27B90B8528F2D28100263983 /* Constants.swift in Sources */,
				27801DBD28D6C96800201339 /* Icon.swift in Sources */,
				27801DE628D6F59700201339 /* PillView.swift in Sources */,
				27801DC328D6C96800201339 /* Type.swift in Sources */,
				27BE082C2928D7BE00E0781C /* Types.swift in Sources */,
				278D6B6928F17065006931DA /* DataInfo.swift in Sources */,
				27BB19EB2971568800851E14 /* PillTitleView.swift in Sources */,
				27801E2128E9B16E00201339 /* DataUsage.xcdatamodeld in Sources */,
				27801E3D28E9F72F00201339 /* DataUsageRepository.swift in Sources */,
				27801DC128D6C96800201339 /* Text.swift in Sources */,
				27801E3F28E9FDAA00201339 /* AppDataRepository.swift in Sources */,
				27B90B8928F2D43700263983 /* DataTest.swift in Sources */,
				27801DEE28D8B7FA00201339 /* Numbers.swift in Sources */,
				27801DEA28D72A6600201339 /* Date.swift in Sources */,
				27A0A8F1295858AD0007C412 /* Logging.swift in Sources */,
				27801DB428D6C96800201339 /* PillGroupView.swift in Sources */,
				27801E3728E9E3D100201339 /* DataUsage.swift in Sources */,
				27801DE428D6F01900201339 /* Modifier.swift in Sources */,
				27801DE228D6D15000201339 /* ItemCardView.swift in Sources */,
				27801DC928D6C96800201339 /* Data_PillApp.swift in Sources */,
				27801DC728D6C96800201339 /* Color.swift in Sources */,
				27801DFD28DA0CF500201339 /* DividerView.swift in Sources */,
				27801DF228D8BDBE00201339 /* ToggleView.swift in Sources */,
				27E7773E2934B3CB0031456D /* StepperValueTypes.swift in Sources */,
				27615290293E3FCC00AEA000 /* DataPlan.swift in Sources */,
			);
			runOnlyForDeploymentPostprocessing = 0;
		};
		278FB2C528F2E55900BE78C2 /* Sources */ = {
			isa = PBXSourcesBuildPhase;
			buildActionMask = 2147483647;
			files = (
				27F47DDC29053AE400B3F83D /* Network_Data_Repository_Test_Case.swift in Sources */,
				278FB2D728F544C100BE78C2 /* Stepper_Test_Case.swift in Sources */,
				278FB2D328F321EE00BE78C2 /* Date_Test_Case.swift in Sources */,
				27F47DDA2905330D00B3F83D /* App_Data_Repository_Test_Case.swift in Sources */,
				2761528D293CAF7F00AEA000 /* Widget_Model_Test_Case.swift in Sources */,
				274FCF942978D9860087AC86 /* Toast_Timer_Test_Case.swift in Sources */,
				271D8FEB29004B2800965FC3 /* Data_Usage_Repository_Test_Case.swift in Sources */,
				27AECC8E2916E5E700AB963E /* App_View_Model_Test_Case.swift in Sources */,
				278FB2CC28F2E55900BE78C2 /* Numbers_Test_Case.swift in Sources */,
				278E734A295D4EF10020F84B /* Validator_Test_Case.swift in Sources */,
			);
			runOnlyForDeploymentPostprocessing = 0;
		};
		27E77700293367450031456D /* Sources */ = {
			isa = PBXSourcesBuildPhase;
			buildActionMask = 2147483647;
			files = (
				27E777392934B33C0031456D /* NetworkDataRepository.swift in Sources */,
				27E777382934AF060031456D /* WidgetModel.swift in Sources */,
				27E7772229336C8A0031456D /* BasePillView.swift in Sources */,
				27E777452934D1F70031456D /* DataUsagePreview.swift in Sources */,
				27E7772429336CC10031456D /* Frame.swift in Sources */,
				27E7770C293367450031456D /* Data_Pill_Widget.swift in Sources */,
				27E777342933CB380031456D /* DataUsageRepository.swift in Sources */,
				27E77755293C44080031456D /* FillLineView.swift in Sources */,
				27E7772E2933844A0031456D /* ToggleItem.swift in Sources */,
				27E777352933CD850031456D /* DataUsage.swift in Sources */,
				27E777462934D20F0031456D /* DataInfo.swift in Sources */,
				27E7772529336CF70031456D /* Unit.swift in Sources */,
				274FCF492978B3E10087AC86 /* UsageType.intentdefinition in Sources */,
				27E777332933CACC0031456D /* LocalDatabase.swift in Sources */,
				27615291293E3FCC00AEA000 /* DataPlan.swift in Sources */,
				27F233B12945CD6300E6102D /* RectangularWidgetView.swift in Sources */,
				27E777432934CD610031456D /* DayPill.swift in Sources */,
				27E7771B293367610031456D /* Color.swift in Sources */,
				27E7774F2935010D0031456D /* Entry.swift in Sources */,
				27E7774D293500BB0031456D /* Provider.swift in Sources */,
				27E7772329336CAC0031456D /* Text.swift in Sources */,
				27E7773F2934B3CB0031456D /* StepperValueTypes.swift in Sources */,
				27E7773A2934B3400031456D /* AppDataRepository.swift in Sources */,
				27E7772129336B370031456D /* Numbers.swift in Sources */,
				27E77752293B68D10031456D /* Widget.swift in Sources */,
				27E77759293C50780031456D /* Modifier.swift in Sources */,
				27E7773C2934B3490031456D /* Constants.swift in Sources */,
				27E7771C293367630031456D /* Type.swift in Sources */,
				27E777442934D1DB0031456D /* DataTest.swift in Sources */,
				27F233AE2945CD4800E6102D /* SmallWidgetView.swift in Sources */,
				276626F92B4AACDA00613C82 /* Configuration.swift in Sources */,
				27E7771E29336A420031456D /* WidgetPillView.swift in Sources */,
				27A0A8F2295858EF0007C412 /* Logging.swift in Sources */,
				27E777402934CCFF0031456D /* Date.swift in Sources */,
				27E777362934AEB80031456D /* DataUsage.xcdatamodeld in Sources */,
				27E7773B2934B3440031456D /* LocalStorage.swift in Sources */,
			);
			runOnlyForDeploymentPostprocessing = 0;
		};
/* End PBXSourcesBuildPhase section */

/* Begin PBXTargetDependency section */
		270EC9C12956A899008A27AA /* PBXTargetDependency */ = {
			isa = PBXTargetDependency;
			target = 27801DAB28D6C96800201339 /* Data Pill */;
			targetProxy = 270EC9C02956A899008A27AA /* PBXContainerItemProxy */;
		};
		278FB2CE28F2E55900BE78C2 /* PBXTargetDependency */ = {
			isa = PBXTargetDependency;
			target = 27801DAB28D6C96800201339 /* Data Pill */;
			targetProxy = 278FB2CD28F2E55900BE78C2 /* PBXContainerItemProxy */;
		};
		27E77711293367470031456D /* PBXTargetDependency */ = {
			isa = PBXTargetDependency;
			target = 27E77703293367450031456D /* Data Pill WidgetExtension */;
			targetProxy = 27E77710293367470031456D /* PBXContainerItemProxy */;
		};
/* End PBXTargetDependency section */

/* Begin PBXVariantGroup section */
		274FCF4B2978B3E10087AC86 /* UsageType.intentdefinition */ = {
			isa = PBXVariantGroup;
			children = (
				274FCF4A2978B3E10087AC86 /* Base */,
				274FCF7C2978CA870087AC86 /* zh-Hans */,
				274FCF892978CB900087AC86 /* fil */,
				274FCF8E2978CBAC0087AC86 /* de */,
			);
			name = UsageType.intentdefinition;
			sourceTree = "<group>";
		};
		274FCF7D2978CA870087AC86 /* InfoPlist.strings */ = {
			isa = PBXVariantGroup;
			children = (
				274FCF7E2978CA870087AC86 /* zh-Hans */,
				274FCF8A2978CB900087AC86 /* fil */,
				274FCF8F2978CBAC0087AC86 /* de */,
			);
			name = InfoPlist.strings;
			sourceTree = "<group>";
		};
		274FCF802978CA870087AC86 /* Localizable.strings */ = {
			isa = PBXVariantGroup;
			children = (
				274FCF812978CA870087AC86 /* zh-Hans */,
				274FCF8B2978CB900087AC86 /* fil */,
				274FCF902978CBAC0087AC86 /* de */,
			);
			name = Localizable.strings;
			sourceTree = "<group>";
		};
		274FCF832978CA870087AC86 /* Data-Pill-InfoPlist.strings */ = {
			isa = PBXVariantGroup;
			children = (
				274FCF842978CA870087AC86 /* zh-Hans */,
				274FCF8C2978CB900087AC86 /* fil */,
				274FCF912978CBAC0087AC86 /* de */,
			);
			name = "Data-Pill-InfoPlist.strings";
			path = ..;
			sourceTree = "<group>";
		};
		274FCF862978CA870087AC86 /* Localizable.strings */ = {
			isa = PBXVariantGroup;
			children = (
				274FCF872978CA870087AC86 /* zh-Hans */,
				274FCF8D2978CB900087AC86 /* fil */,
				274FCF922978CBAC0087AC86 /* de */,
			);
			name = Localizable.strings;
			path = ..;
			sourceTree = "<group>";
		};
/* End PBXVariantGroup section */

/* Begin XCBuildConfiguration section */
		270EC9C22956A899008A27AA /* Debug */ = {
			isa = XCBuildConfiguration;
			buildSettings = {
				CLANG_CXX_LANGUAGE_STANDARD = "gnu++20";
				CODE_SIGN_STYLE = Automatic;
				CURRENT_PROJECT_VERSION = 1;
				DEVELOPMENT_TEAM = KB9D3Y7M29;
				GENERATE_INFOPLIST_FILE = YES;
				IPHONEOS_DEPLOYMENT_TARGET = 14.0;
				MARKETING_VERSION = 1.0;
				PRODUCT_BUNDLE_IDENTIFIER = "com.penguinworks.Data-Pill-UI-Tests";
				PRODUCT_NAME = "$(TARGET_NAME)";
				SWIFT_EMIT_LOC_STRINGS = NO;
				SWIFT_VERSION = 5.0;
				TARGETED_DEVICE_FAMILY = "1,2";
				TEST_TARGET_NAME = "Data Pill";
			};
			name = Debug;
		};
		270EC9C32956A899008A27AA /* Release */ = {
			isa = XCBuildConfiguration;
			buildSettings = {
				CLANG_CXX_LANGUAGE_STANDARD = "gnu++20";
				CODE_SIGN_STYLE = Automatic;
				CURRENT_PROJECT_VERSION = 1;
				DEVELOPMENT_TEAM = KB9D3Y7M29;
				GENERATE_INFOPLIST_FILE = YES;
				IPHONEOS_DEPLOYMENT_TARGET = 14.0;
				MARKETING_VERSION = 1.0;
				PRODUCT_BUNDLE_IDENTIFIER = "com.penguinworks.Data-Pill-UI-Tests";
				PRODUCT_NAME = "$(TARGET_NAME)";
				SWIFT_EMIT_LOC_STRINGS = NO;
				SWIFT_VERSION = 5.0;
				TARGETED_DEVICE_FAMILY = "1,2";
				TEST_TARGET_NAME = "Data Pill";
			};
			name = Release;
		};
		27801DD128D6C96B00201339 /* Debug */ = {
			isa = XCBuildConfiguration;
			buildSettings = {
				ALWAYS_SEARCH_USER_PATHS = NO;
				CLANG_ANALYZER_NONNULL = YES;
				CLANG_ANALYZER_NUMBER_OBJECT_CONVERSION = YES_AGGRESSIVE;
				CLANG_CXX_LANGUAGE_STANDARD = "gnu++17";
				CLANG_ENABLE_MODULES = YES;
				CLANG_ENABLE_OBJC_ARC = YES;
				CLANG_ENABLE_OBJC_WEAK = YES;
				CLANG_WARN_BLOCK_CAPTURE_AUTORELEASING = YES;
				CLANG_WARN_BOOL_CONVERSION = YES;
				CLANG_WARN_COMMA = YES;
				CLANG_WARN_CONSTANT_CONVERSION = YES;
				CLANG_WARN_DEPRECATED_OBJC_IMPLEMENTATIONS = YES;
				CLANG_WARN_DIRECT_OBJC_ISA_USAGE = YES_ERROR;
				CLANG_WARN_DOCUMENTATION_COMMENTS = YES;
				CLANG_WARN_EMPTY_BODY = YES;
				CLANG_WARN_ENUM_CONVERSION = YES;
				CLANG_WARN_INFINITE_RECURSION = YES;
				CLANG_WARN_INT_CONVERSION = YES;
				CLANG_WARN_NON_LITERAL_NULL_CONVERSION = YES;
				CLANG_WARN_OBJC_IMPLICIT_RETAIN_SELF = YES;
				CLANG_WARN_OBJC_LITERAL_CONVERSION = YES;
				CLANG_WARN_OBJC_ROOT_CLASS = YES_ERROR;
				CLANG_WARN_QUOTED_INCLUDE_IN_FRAMEWORK_HEADER = YES;
				CLANG_WARN_RANGE_LOOP_ANALYSIS = YES;
				CLANG_WARN_STRICT_PROTOTYPES = YES;
				CLANG_WARN_SUSPICIOUS_MOVE = YES;
				CLANG_WARN_UNGUARDED_AVAILABILITY = YES_AGGRESSIVE;
				CLANG_WARN_UNREACHABLE_CODE = YES;
				CLANG_WARN__DUPLICATE_METHOD_MATCH = YES;
				COPY_PHASE_STRIP = NO;
				DEBUG_INFORMATION_FORMAT = dwarf;
				ENABLE_STRICT_OBJC_MSGSEND = YES;
				ENABLE_TESTABILITY = YES;
				GCC_C_LANGUAGE_STANDARD = gnu11;
				GCC_DYNAMIC_NO_PIC = NO;
				GCC_NO_COMMON_BLOCKS = YES;
				GCC_OPTIMIZATION_LEVEL = 0;
				GCC_PREPROCESSOR_DEFINITIONS = (
					"DEBUG=1",
					"$(inherited)",
				);
				GCC_WARN_64_TO_32_BIT_CONVERSION = YES;
				GCC_WARN_ABOUT_RETURN_TYPE = YES_ERROR;
				GCC_WARN_UNDECLARED_SELECTOR = YES;
				GCC_WARN_UNINITIALIZED_AUTOS = YES_AGGRESSIVE;
				GCC_WARN_UNUSED_FUNCTION = YES;
				GCC_WARN_UNUSED_VARIABLE = YES;
				IPHONEOS_DEPLOYMENT_TARGET = 14.0;
				MTL_ENABLE_DEBUG_INFO = INCLUDE_SOURCE;
				MTL_FAST_MATH = YES;
				ONLY_ACTIVE_ARCH = YES;
				SDKROOT = iphoneos;
				SWIFT_ACTIVE_COMPILATION_CONDITIONS = DEBUG;
				SWIFT_EMIT_LOC_STRINGS = YES;
				SWIFT_OPTIMIZATION_LEVEL = "-Onone";
			};
			name = Debug;
		};
		27801DD228D6C96B00201339 /* Release */ = {
			isa = XCBuildConfiguration;
			buildSettings = {
				ALWAYS_SEARCH_USER_PATHS = NO;
				CLANG_ANALYZER_NONNULL = YES;
				CLANG_ANALYZER_NUMBER_OBJECT_CONVERSION = YES_AGGRESSIVE;
				CLANG_CXX_LANGUAGE_STANDARD = "gnu++17";
				CLANG_ENABLE_MODULES = YES;
				CLANG_ENABLE_OBJC_ARC = YES;
				CLANG_ENABLE_OBJC_WEAK = YES;
				CLANG_WARN_BLOCK_CAPTURE_AUTORELEASING = YES;
				CLANG_WARN_BOOL_CONVERSION = YES;
				CLANG_WARN_COMMA = YES;
				CLANG_WARN_CONSTANT_CONVERSION = YES;
				CLANG_WARN_DEPRECATED_OBJC_IMPLEMENTATIONS = YES;
				CLANG_WARN_DIRECT_OBJC_ISA_USAGE = YES_ERROR;
				CLANG_WARN_DOCUMENTATION_COMMENTS = YES;
				CLANG_WARN_EMPTY_BODY = YES;
				CLANG_WARN_ENUM_CONVERSION = YES;
				CLANG_WARN_INFINITE_RECURSION = YES;
				CLANG_WARN_INT_CONVERSION = YES;
				CLANG_WARN_NON_LITERAL_NULL_CONVERSION = YES;
				CLANG_WARN_OBJC_IMPLICIT_RETAIN_SELF = YES;
				CLANG_WARN_OBJC_LITERAL_CONVERSION = YES;
				CLANG_WARN_OBJC_ROOT_CLASS = YES_ERROR;
				CLANG_WARN_QUOTED_INCLUDE_IN_FRAMEWORK_HEADER = YES;
				CLANG_WARN_RANGE_LOOP_ANALYSIS = YES;
				CLANG_WARN_STRICT_PROTOTYPES = YES;
				CLANG_WARN_SUSPICIOUS_MOVE = YES;
				CLANG_WARN_UNGUARDED_AVAILABILITY = YES_AGGRESSIVE;
				CLANG_WARN_UNREACHABLE_CODE = YES;
				CLANG_WARN__DUPLICATE_METHOD_MATCH = YES;
				COPY_PHASE_STRIP = NO;
				DEBUG_INFORMATION_FORMAT = "dwarf-with-dsym";
				ENABLE_NS_ASSERTIONS = NO;
				ENABLE_STRICT_OBJC_MSGSEND = YES;
				GCC_C_LANGUAGE_STANDARD = gnu11;
				GCC_NO_COMMON_BLOCKS = YES;
				GCC_WARN_64_TO_32_BIT_CONVERSION = YES;
				GCC_WARN_ABOUT_RETURN_TYPE = YES_ERROR;
				GCC_WARN_UNDECLARED_SELECTOR = YES;
				GCC_WARN_UNINITIALIZED_AUTOS = YES_AGGRESSIVE;
				GCC_WARN_UNUSED_FUNCTION = YES;
				GCC_WARN_UNUSED_VARIABLE = YES;
				IPHONEOS_DEPLOYMENT_TARGET = 14.0;
				MTL_ENABLE_DEBUG_INFO = NO;
				MTL_FAST_MATH = YES;
				SDKROOT = iphoneos;
				SWIFT_COMPILATION_MODE = wholemodule;
				SWIFT_EMIT_LOC_STRINGS = YES;
				SWIFT_OPTIMIZATION_LEVEL = "-O";
				VALIDATE_PRODUCT = YES;
			};
			name = Release;
		};
		27801DD428D6C96B00201339 /* Debug */ = {
			isa = XCBuildConfiguration;
			buildSettings = {
				ALWAYS_EMBED_SWIFT_STANDARD_LIBRARIES = YES;
				ASSETCATALOG_COMPILER_APPICON_NAME = AppIcon;
				ASSETCATALOG_COMPILER_GLOBAL_ACCENT_COLOR_NAME = AccentColor;
				CODE_SIGN_ENTITLEMENTS = "Data Pill/Data PillRelease.entitlements";
				CODE_SIGN_STYLE = Automatic;
				CURRENT_PROJECT_VERSION = 6;
				DEVELOPMENT_ASSET_PATHS = "";
				DEVELOPMENT_TEAM = KB9D3Y7M29;
				ENABLE_PREVIEWS = YES;
				GENERATE_INFOPLIST_FILE = YES;
				INFOPLIST_FILE = "Data-Pill-Info.plist";
				INFOPLIST_KEY_LSApplicationCategoryType = "public.app-category.utilities";
				INFOPLIST_KEY_UIApplicationSceneManifest_Generation = YES;
				INFOPLIST_KEY_UIApplicationSupportsIndirectInputEvents = YES;
				INFOPLIST_KEY_UIStatusBarStyle = "";
				INFOPLIST_KEY_UISupportedInterfaceOrientations = UIInterfaceOrientationPortrait;
				INFOPLIST_KEY_UISupportedInterfaceOrientations_iPad = "UIInterfaceOrientationLandscapeLeft UIInterfaceOrientationLandscapeRight UIInterfaceOrientationPortrait UIInterfaceOrientationPortraitUpsideDown";
				LD_RUNPATH_SEARCH_PATHS = (
					"$(inherited)",
					"@executable_path/Frameworks",
				);
				MARKETING_VERSION = 1.0.1;
				PRODUCT_BUNDLE_IDENTIFIER = "com.penguinworks.Data-Pill";
				PRODUCT_NAME = "$(TARGET_NAME)";
				SUPPORTED_PLATFORMS = "iphoneos iphonesimulator";
				SUPPORTS_MACCATALYST = NO;
				SUPPORTS_MAC_DESIGNED_FOR_IPHONE_IPAD = NO;
				SWIFT_EMIT_LOC_STRINGS = YES;
				SWIFT_VERSION = 5.0;
				TARGETED_DEVICE_FAMILY = 1;
			};
			name = Debug;
		};
		27801DD528D6C96B00201339 /* Release */ = {
			isa = XCBuildConfiguration;
			buildSettings = {
				ALWAYS_EMBED_SWIFT_STANDARD_LIBRARIES = YES;
				ASSETCATALOG_COMPILER_APPICON_NAME = AppIcon;
				ASSETCATALOG_COMPILER_GLOBAL_ACCENT_COLOR_NAME = AccentColor;
				CODE_SIGN_ENTITLEMENTS = "Data Pill/Data PillRelease.entitlements";
				CODE_SIGN_STYLE = Automatic;
				CURRENT_PROJECT_VERSION = 6;
				DEVELOPMENT_ASSET_PATHS = "";
				DEVELOPMENT_TEAM = KB9D3Y7M29;
				ENABLE_PREVIEWS = YES;
				GENERATE_INFOPLIST_FILE = YES;
				INFOPLIST_FILE = "Data-Pill-Info.plist";
				INFOPLIST_KEY_LSApplicationCategoryType = "public.app-category.utilities";
				INFOPLIST_KEY_UIApplicationSceneManifest_Generation = YES;
				INFOPLIST_KEY_UIApplicationSupportsIndirectInputEvents = YES;
				INFOPLIST_KEY_UIStatusBarStyle = "";
				INFOPLIST_KEY_UISupportedInterfaceOrientations = UIInterfaceOrientationPortrait;
				INFOPLIST_KEY_UISupportedInterfaceOrientations_iPad = "UIInterfaceOrientationLandscapeLeft UIInterfaceOrientationLandscapeRight UIInterfaceOrientationPortrait UIInterfaceOrientationPortraitUpsideDown";
				LD_RUNPATH_SEARCH_PATHS = (
					"$(inherited)",
					"@executable_path/Frameworks",
				);
				MARKETING_VERSION = 1.0.1;
				PRODUCT_BUNDLE_IDENTIFIER = "com.penguinworks.Data-Pill";
				PRODUCT_NAME = "$(TARGET_NAME)";
				SUPPORTED_PLATFORMS = "iphoneos iphonesimulator";
				SUPPORTS_MACCATALYST = NO;
				SUPPORTS_MAC_DESIGNED_FOR_IPHONE_IPAD = NO;
				SWIFT_EMIT_LOC_STRINGS = YES;
				SWIFT_VERSION = 5.0;
				TARGETED_DEVICE_FAMILY = 1;
			};
			name = Release;
		};
		278FB2CF28F2E55900BE78C2 /* Debug */ = {
			isa = XCBuildConfiguration;
			buildSettings = {
				BUNDLE_LOADER = "$(TEST_HOST)";
				CLANG_CXX_LANGUAGE_STANDARD = "gnu++20";
				CODE_SIGN_STYLE = Automatic;
				CURRENT_PROJECT_VERSION = 1;
				DEVELOPMENT_TEAM = KB9D3Y7M29;
				GENERATE_INFOPLIST_FILE = YES;
				IPHONEOS_DEPLOYMENT_TARGET = 14.0;
				MARKETING_VERSION = 1.0;
				PRODUCT_BUNDLE_IDENTIFIER = "com.penguinworks.Data-Pill-Tests";
				PRODUCT_NAME = "$(TARGET_NAME)";
				SWIFT_EMIT_LOC_STRINGS = NO;
				SWIFT_VERSION = 5.0;
				TARGETED_DEVICE_FAMILY = "1,2";
				TEST_HOST = "$(BUILT_PRODUCTS_DIR)/Data Pill.app/$(BUNDLE_EXECUTABLE_FOLDER_PATH)/Data Pill";
			};
			name = Debug;
		};
		278FB2D028F2E55900BE78C2 /* Release */ = {
			isa = XCBuildConfiguration;
			buildSettings = {
				BUNDLE_LOADER = "$(TEST_HOST)";
				CLANG_CXX_LANGUAGE_STANDARD = "gnu++20";
				CODE_SIGN_STYLE = Automatic;
				CURRENT_PROJECT_VERSION = 1;
				DEVELOPMENT_TEAM = KB9D3Y7M29;
				GENERATE_INFOPLIST_FILE = YES;
				IPHONEOS_DEPLOYMENT_TARGET = 14.0;
				MARKETING_VERSION = 1.0;
				PRODUCT_BUNDLE_IDENTIFIER = "com.penguinworks.Data-Pill-Tests";
				PRODUCT_NAME = "$(TARGET_NAME)";
				SWIFT_EMIT_LOC_STRINGS = NO;
				SWIFT_VERSION = 5.0;
				TARGETED_DEVICE_FAMILY = "1,2";
				TEST_HOST = "$(BUILT_PRODUCTS_DIR)/Data Pill.app/$(BUNDLE_EXECUTABLE_FOLDER_PATH)/Data Pill";
			};
			name = Release;
		};
		27E77714293367470031456D /* Debug */ = {
			isa = XCBuildConfiguration;
			buildSettings = {
				ASSETCATALOG_COMPILER_GLOBAL_ACCENT_COLOR_NAME = AccentColor;
				ASSETCATALOG_COMPILER_WIDGET_BACKGROUND_COLOR_NAME = WidgetBackground;
				CLANG_CXX_LANGUAGE_STANDARD = "gnu++20";
				CODE_SIGN_ENTITLEMENTS = "Data Pill WidgetExtensionRelease.entitlements";
				CODE_SIGN_STYLE = Automatic;
				CURRENT_PROJECT_VERSION = 6;
				DEVELOPMENT_TEAM = KB9D3Y7M29;
				GENERATE_INFOPLIST_FILE = YES;
				INFOPLIST_FILE = "Data Pill Widget/Info.plist";
				INFOPLIST_KEY_CFBundleDisplayName = "Data Pill Widget";
				INFOPLIST_KEY_NSHumanReadableCopyright = "";
				IPHONEOS_DEPLOYMENT_TARGET = 14.0;
				LD_RUNPATH_SEARCH_PATHS = (
					"$(inherited)",
					"@executable_path/Frameworks",
					"@executable_path/../../Frameworks",
				);
				MARKETING_VERSION = 1.0.1;
				PRODUCT_BUNDLE_IDENTIFIER = "com.penguinworks.Data-Pill.Data-Pill-Widget";
				PRODUCT_NAME = "$(TARGET_NAME)";
				SKIP_INSTALL = YES;
				SWIFT_EMIT_LOC_STRINGS = YES;
				SWIFT_VERSION = 5.0;
				TARGETED_DEVICE_FAMILY = 1;
			};
			name = Debug;
		};
		27E77715293367470031456D /* Release */ = {
			isa = XCBuildConfiguration;
			buildSettings = {
				ASSETCATALOG_COMPILER_GLOBAL_ACCENT_COLOR_NAME = AccentColor;
				ASSETCATALOG_COMPILER_WIDGET_BACKGROUND_COLOR_NAME = WidgetBackground;
				CLANG_CXX_LANGUAGE_STANDARD = "gnu++20";
				CODE_SIGN_ENTITLEMENTS = "Data Pill WidgetExtensionRelease.entitlements";
				CODE_SIGN_STYLE = Automatic;
				CURRENT_PROJECT_VERSION = 6;
				DEVELOPMENT_TEAM = KB9D3Y7M29;
				GENERATE_INFOPLIST_FILE = YES;
				INFOPLIST_FILE = "Data Pill Widget/Info.plist";
				INFOPLIST_KEY_CFBundleDisplayName = "Data Pill Widget";
				INFOPLIST_KEY_NSHumanReadableCopyright = "";
				IPHONEOS_DEPLOYMENT_TARGET = 14.0;
				LD_RUNPATH_SEARCH_PATHS = (
					"$(inherited)",
					"@executable_path/Frameworks",
					"@executable_path/../../Frameworks",
				);
				MARKETING_VERSION = 1.0.1;
				PRODUCT_BUNDLE_IDENTIFIER = "com.penguinworks.Data-Pill.Data-Pill-Widget";
				PRODUCT_NAME = "$(TARGET_NAME)";
				SKIP_INSTALL = YES;
				SWIFT_EMIT_LOC_STRINGS = YES;
				SWIFT_VERSION = 5.0;
				TARGETED_DEVICE_FAMILY = 1;
			};
			name = Release;
		};
/* End XCBuildConfiguration section */

/* Begin XCConfigurationList section */
		270EC9C42956A899008A27AA /* Build configuration list for PBXNativeTarget "Data Pill UI Tests" */ = {
			isa = XCConfigurationList;
			buildConfigurations = (
				270EC9C22956A899008A27AA /* Debug */,
				270EC9C32956A899008A27AA /* Release */,
			);
			defaultConfigurationIsVisible = 0;
			defaultConfigurationName = Release;
		};
		27801DA728D6C96800201339 /* Build configuration list for PBXProject "Data Pill" */ = {
			isa = XCConfigurationList;
			buildConfigurations = (
				27801DD128D6C96B00201339 /* Debug */,
				27801DD228D6C96B00201339 /* Release */,
			);
			defaultConfigurationIsVisible = 0;
			defaultConfigurationName = Release;
		};
		27801DD328D6C96B00201339 /* Build configuration list for PBXNativeTarget "Data Pill" */ = {
			isa = XCConfigurationList;
			buildConfigurations = (
				27801DD428D6C96B00201339 /* Debug */,
				27801DD528D6C96B00201339 /* Release */,
			);
			defaultConfigurationIsVisible = 0;
			defaultConfigurationName = Release;
		};
		278FB2D128F2E55900BE78C2 /* Build configuration list for PBXNativeTarget "Data Pill Tests" */ = {
			isa = XCConfigurationList;
			buildConfigurations = (
				278FB2CF28F2E55900BE78C2 /* Debug */,
				278FB2D028F2E55900BE78C2 /* Release */,
			);
			defaultConfigurationIsVisible = 0;
			defaultConfigurationName = Release;
		};
		27E77713293367470031456D /* Build configuration list for PBXNativeTarget "Data Pill WidgetExtension" */ = {
			isa = XCConfigurationList;
			buildConfigurations = (
				27E77714293367470031456D /* Debug */,
				27E77715293367470031456D /* Release */,
			);
			defaultConfigurationIsVisible = 0;
			defaultConfigurationName = Release;
		};
/* End XCConfigurationList section */

/* Begin XCVersionGroup section */
		27801E1F28E9B16E00201339 /* DataUsage.xcdatamodeld */ = {
			isa = XCVersionGroup;
			children = (
				27801E2028E9B16E00201339 /* DataUsage.xcdatamodel */,
			);
			currentVersion = 27801E2028E9B16E00201339 /* DataUsage.xcdatamodel */;
			path = DataUsage.xcdatamodeld;
			sourceTree = "<group>";
			versionGroupType = wrapper.xcdatamodel;
		};
/* End XCVersionGroup section */
	};
	rootObject = 27801DA428D6C96800201339 /* Project object */;
}
