// !$*UTF8*$!
{
	archiveVersion = 1;
	classes = {
	};
	objectVersion = 55;
	objects = {

/* Begin PBXBuildFile section */
		27801DB128D6C96800201339 /* AppView.swift in Sources */ = {isa = PBXBuildFile; fileRef = 27801DB028D6C96800201339 /* AppView.swift */; };
		27801DB428D6C96800201339 /* BasicInfoView.swift in Sources */ = {isa = PBXBuildFile; fileRef = 27801DB328D6C96800201339 /* BasicInfoView.swift */; };
		27801DB728D6C96800201339 /* AppState.swift in Sources */ = {isa = PBXBuildFile; fileRef = 27801DB628D6C96800201339 /* AppState.swift */; };
		27801DBA28D6C96800201339 /* Dimensions.swift in Sources */ = {isa = PBXBuildFile; fileRef = 27801DB928D6C96800201339 /* Dimensions.swift */; };
		27801DBD28D6C96800201339 /* Icon.swift in Sources */ = {isa = PBXBuildFile; fileRef = 27801DBC28D6C96800201339 /* Icon.swift */; };
		27801DBF28D6C96800201339 /* LaunchScreen.storyboard in Resources */ = {isa = PBXBuildFile; fileRef = 27801DBE28D6C96800201339 /* LaunchScreen.storyboard */; };
		27801DC128D6C96800201339 /* Text.swift in Sources */ = {isa = PBXBuildFile; fileRef = 27801DC028D6C96800201339 /* Text.swift */; };
		27801DC328D6C96800201339 /* Type.swift in Sources */ = {isa = PBXBuildFile; fileRef = 27801DC228D6C96800201339 /* Type.swift */; };
		27801DC528D6C96800201339 /* Frame.swift in Sources */ = {isa = PBXBuildFile; fileRef = 27801DC428D6C96800201339 /* Frame.swift */; };
		27801DC728D6C96800201339 /* Color.swift in Sources */ = {isa = PBXBuildFile; fileRef = 27801DC628D6C96800201339 /* Color.swift */; };
		27801DC928D6C96800201339 /* Data_PillApp.swift in Sources */ = {isa = PBXBuildFile; fileRef = 27801DC828D6C96800201339 /* Data_PillApp.swift */; };
		27801DCD28D6C96B00201339 /* Assets.xcassets in Resources */ = {isa = PBXBuildFile; fileRef = 27801DCC28D6C96B00201339 /* Assets.xcassets */; };
		27801DD028D6C96B00201339 /* Preview Assets.xcassets in Resources */ = {isa = PBXBuildFile; fileRef = 27801DCF28D6C96B00201339 /* Preview Assets.xcassets */; };
		27801DDC28D6CF3900201339 /* SFProText-Bold.ttf in Resources */ = {isa = PBXBuildFile; fileRef = 27801DD928D6CF3900201339 /* SFProText-Bold.ttf */; };
		27801DDD28D6CF3900201339 /* SFProText-Medium.ttf in Resources */ = {isa = PBXBuildFile; fileRef = 27801DDA28D6CF3900201339 /* SFProText-Medium.ttf */; };
		27801DDE28D6CF3900201339 /* SFProText-Semibold.ttf in Resources */ = {isa = PBXBuildFile; fileRef = 27801DDB28D6CF3900201339 /* SFProText-Semibold.ttf */; };
		27801DE228D6D15000201339 /* ItemCardView.swift in Sources */ = {isa = PBXBuildFile; fileRef = 27801DE128D6D15000201339 /* ItemCardView.swift */; };
		27801DE428D6F01900201339 /* Modifier.swift in Sources */ = {isa = PBXBuildFile; fileRef = 27801DE328D6F01900201339 /* Modifier.swift */; };
		27801DE628D6F59700201339 /* PillView.swift in Sources */ = {isa = PBXBuildFile; fileRef = 27801DE528D6F59700201339 /* PillView.swift */; };
		27801DE828D7215D00201339 /* Enums.swift in Sources */ = {isa = PBXBuildFile; fileRef = 27801DE728D7215D00201339 /* Enums.swift */; };
		27801DEA28D72A6600201339 /* Date.swift in Sources */ = {isa = PBXBuildFile; fileRef = 27801DE928D72A6600201339 /* Date.swift */; };
		27801DEC28D73AC900201339 /* UsedCardView.swift in Sources */ = {isa = PBXBuildFile; fileRef = 27801DEB28D73AC900201339 /* UsedCardView.swift */; };
		27801DEE28D8B7FA00201339 /* Numbers.swift in Sources */ = {isa = PBXBuildFile; fileRef = 27801DED28D8B7FA00201339 /* Numbers.swift */; };
		27801DF028D8BA2400201339 /* UsageCardView.swift in Sources */ = {isa = PBXBuildFile; fileRef = 27801DEF28D8BA2400201339 /* UsageCardView.swift */; };
		27801DF228D8BDBE00201339 /* ToggleView.swift in Sources */ = {isa = PBXBuildFile; fileRef = 27801DF128D8BDBE00201339 /* ToggleView.swift */; };
		27801DF428D8C71C00201339 /* NotifCardView.swift in Sources */ = {isa = PBXBuildFile; fileRef = 27801DF328D8C71C00201339 /* NotifCardView.swift */; };
		27801DF928DA0A8600201339 /* DataPlanCardView.swift in Sources */ = {isa = PBXBuildFile; fileRef = 27801DF828DA0A8600201339 /* DataPlanCardView.swift */; };
		27801DFB28DA0B0D00201339 /* NavRowView.swift in Sources */ = {isa = PBXBuildFile; fileRef = 27801DFA28DA0B0D00201339 /* NavRowView.swift */; };
		27801DFD28DA0CF500201339 /* DividerView.swift in Sources */ = {isa = PBXBuildFile; fileRef = 27801DFC28DA0CF500201339 /* DividerView.swift */; };
		27801DFF28DA13C500201339 /* DataPlanLimitView.swift in Sources */ = {isa = PBXBuildFile; fileRef = 27801DFE28DA13C500201339 /* DataPlanLimitView.swift */; };
		27801E0128DA15C600201339 /* DailyLimitView.swift in Sources */ = {isa = PBXBuildFile; fileRef = 27801E0028DA15C600201339 /* DailyLimitView.swift */; };
		27801E0328DA196E00201339 /* HistoryView.swift in Sources */ = {isa = PBXBuildFile; fileRef = 27801E0228DA196E00201339 /* HistoryView.swift */; };
		27801E0528DA1A7B00201339 /* DraggablePillView.swift in Sources */ = {isa = PBXBuildFile; fileRef = 27801E0428DA1A7A00201339 /* DraggablePillView.swift */; };
		27801E0928E054C500201339 /* CloseIconView.swift in Sources */ = {isa = PBXBuildFile; fileRef = 27801E0828E054C400201339 /* CloseIconView.swift */; };
		27801E0D28E0C02200201339 /* DateInputView.swift in Sources */ = {isa = PBXBuildFile; fileRef = 27801E0C28E0C02200201339 /* DateInputView.swift */; };
		27801E0F28E1E7C500201339 /* SaveButtonView.swift in Sources */ = {isa = PBXBuildFile; fileRef = 27801E0E28E1E7C500201339 /* SaveButtonView.swift */; };
		27801E1128E1F29400201339 /* BlurContentView.swift in Sources */ = {isa = PBXBuildFile; fileRef = 27801E1028E1F29400201339 /* BlurContentView.swift */; };
		27801E1528E8227500201339 /* StepperButtonView.swift in Sources */ = {isa = PBXBuildFile; fileRef = 27801E1428E8227500201339 /* StepperButtonView.swift */; };
		27801E1728E82B9100201339 /* TextInputView.swift in Sources */ = {isa = PBXBuildFile; fileRef = 27801E1628E82B9100201339 /* TextInputView.swift */; };
		27801E1928E951A100201339 /* NetworkDataRepository.swift in Sources */ = {isa = PBXBuildFile; fileRef = 27801E1828E951A000201339 /* NetworkDataRepository.swift */; };
		27801E1B28E974D800201339 /* HomeActions.swift in Sources */ = {isa = PBXBuildFile; fileRef = 27801E1A28E974D700201339 /* HomeActions.swift */; };
		27801E1E28E98F0D00201339 /* LocalStorage.swift in Sources */ = {isa = PBXBuildFile; fileRef = 27801E1D28E98F0D00201339 /* LocalStorage.swift */; };
		27801E2128E9B16E00201339 /* DataUsage.xcdatamodeld in Sources */ = {isa = PBXBuildFile; fileRef = 27801E1F28E9B16E00201339 /* DataUsage.xcdatamodeld */; };
		27801E2328E9B29D00201339 /* LocalDatabase.swift in Sources */ = {isa = PBXBuildFile; fileRef = 27801E2228E9B29D00201339 /* LocalDatabase.swift */; };
		27801E2928E9DE3C00201339 /* DataManipulation.swift in Sources */ = {isa = PBXBuildFile; fileRef = 27801E2828E9DE3C00201339 /* DataManipulation.swift */; };
		27801E3728E9E3D100201339 /* Data.swift in Sources */ = {isa = PBXBuildFile; fileRef = 27801E3628E9E3D100201339 /* Data.swift */; };
		27801E3D28E9F72F00201339 /* DataUsageRepository.swift in Sources */ = {isa = PBXBuildFile; fileRef = 27801E3C28E9F72F00201339 /* DataUsageRepository.swift */; };
		27801E3F28E9FDAA00201339 /* AppDataRepository.swift in Sources */ = {isa = PBXBuildFile; fileRef = 27801E3E28E9FDAA00201339 /* AppDataRepository.swift */; };
		278D6B6928F17065006931DA /* DataInfo.swift in Sources */ = {isa = PBXBuildFile; fileRef = 278D6B6828F17065006931DA /* DataInfo.swift */; };
		278FB2CC28F2E55900BE78C2 /* Numbers_Test_Case.swift in Sources */ = {isa = PBXBuildFile; fileRef = 278FB2CB28F2E55900BE78C2 /* Numbers_Test_Case.swift */; };
		278FB2D328F321EE00BE78C2 /* Date_Test_Class.swift in Sources */ = {isa = PBXBuildFile; fileRef = 278FB2D228F321EE00BE78C2 /* Date_Test_Class.swift */; };
		27B90B8528F2D28100263983 /* Constants.swift in Sources */ = {isa = PBXBuildFile; fileRef = 27B90B8428F2D28100263983 /* Constants.swift */; };
		27B90B8728F2D31600263983 /* DataUsage.swift in Sources */ = {isa = PBXBuildFile; fileRef = 27B90B8628F2D31600263983 /* DataUsage.swift */; };
		27B90B8928F2D43700263983 /* DataTest.swift in Sources */ = {isa = PBXBuildFile; fileRef = 27B90B8828F2D43700263983 /* DataTest.swift */; };
/* End PBXBuildFile section */

/* Begin PBXContainerItemProxy section */
		278FB2CD28F2E55900BE78C2 /* PBXContainerItemProxy */ = {
			isa = PBXContainerItemProxy;
			containerPortal = 27801DA428D6C96800201339 /* Project object */;
			proxyType = 1;
			remoteGlobalIDString = 27801DAB28D6C96800201339;
			remoteInfo = "Data Pill";
		};
/* End PBXContainerItemProxy section */

/* Begin PBXFileReference section */
		27801DAC28D6C96800201339 /* Data Pill.app */ = {isa = PBXFileReference; explicitFileType = wrapper.application; includeInIndex = 0; path = "Data Pill.app"; sourceTree = BUILT_PRODUCTS_DIR; };
		27801DB028D6C96800201339 /* AppView.swift */ = {isa = PBXFileReference; lastKnownFileType = sourcecode.swift; path = AppView.swift; sourceTree = "<group>"; };
		27801DB328D6C96800201339 /* BasicInfoView.swift */ = {isa = PBXFileReference; lastKnownFileType = sourcecode.swift; path = BasicInfoView.swift; sourceTree = "<group>"; };
		27801DB628D6C96800201339 /* AppState.swift */ = {isa = PBXFileReference; lastKnownFileType = sourcecode.swift; path = AppState.swift; sourceTree = "<group>"; };
		27801DB928D6C96800201339 /* Dimensions.swift */ = {isa = PBXFileReference; lastKnownFileType = sourcecode.swift; path = Dimensions.swift; sourceTree = "<group>"; };
		27801DBC28D6C96800201339 /* Icon.swift */ = {isa = PBXFileReference; lastKnownFileType = sourcecode.swift; path = Icon.swift; sourceTree = "<group>"; };
		27801DBE28D6C96800201339 /* LaunchScreen.storyboard */ = {isa = PBXFileReference; lastKnownFileType = file.storyboard; path = LaunchScreen.storyboard; sourceTree = "<group>"; };
		27801DC028D6C96800201339 /* Text.swift */ = {isa = PBXFileReference; lastKnownFileType = sourcecode.swift; path = Text.swift; sourceTree = "<group>"; };
		27801DC228D6C96800201339 /* Type.swift */ = {isa = PBXFileReference; lastKnownFileType = sourcecode.swift; path = Type.swift; sourceTree = "<group>"; };
		27801DC428D6C96800201339 /* Frame.swift */ = {isa = PBXFileReference; lastKnownFileType = sourcecode.swift; path = Frame.swift; sourceTree = "<group>"; };
		27801DC628D6C96800201339 /* Color.swift */ = {isa = PBXFileReference; lastKnownFileType = sourcecode.swift; path = Color.swift; sourceTree = "<group>"; };
		27801DC828D6C96800201339 /* Data_PillApp.swift */ = {isa = PBXFileReference; lastKnownFileType = sourcecode.swift; path = Data_PillApp.swift; sourceTree = "<group>"; };
		27801DCC28D6C96B00201339 /* Assets.xcassets */ = {isa = PBXFileReference; lastKnownFileType = folder.assetcatalog; path = Assets.xcassets; sourceTree = "<group>"; };
		27801DCF28D6C96B00201339 /* Preview Assets.xcassets */ = {isa = PBXFileReference; lastKnownFileType = folder.assetcatalog; path = "Preview Assets.xcassets"; sourceTree = "<group>"; };
		27801DD928D6CF3900201339 /* SFProText-Bold.ttf */ = {isa = PBXFileReference; lastKnownFileType = file; path = "SFProText-Bold.ttf"; sourceTree = "<group>"; };
		27801DDA28D6CF3900201339 /* SFProText-Medium.ttf */ = {isa = PBXFileReference; lastKnownFileType = file; path = "SFProText-Medium.ttf"; sourceTree = "<group>"; };
		27801DDB28D6CF3900201339 /* SFProText-Semibold.ttf */ = {isa = PBXFileReference; lastKnownFileType = file; path = "SFProText-Semibold.ttf"; sourceTree = "<group>"; };
		27801DDF28D6CF4F00201339 /* Data-Pill-Info.plist */ = {isa = PBXFileReference; lastKnownFileType = text.plist; path = "Data-Pill-Info.plist"; sourceTree = SOURCE_ROOT; };
		27801DE128D6D15000201339 /* ItemCardView.swift */ = {isa = PBXFileReference; lastKnownFileType = sourcecode.swift; path = ItemCardView.swift; sourceTree = "<group>"; };
		27801DE328D6F01900201339 /* Modifier.swift */ = {isa = PBXFileReference; lastKnownFileType = sourcecode.swift; path = Modifier.swift; sourceTree = "<group>"; };
		27801DE528D6F59700201339 /* PillView.swift */ = {isa = PBXFileReference; lastKnownFileType = sourcecode.swift; path = PillView.swift; sourceTree = "<group>"; };
		27801DE728D7215D00201339 /* Enums.swift */ = {isa = PBXFileReference; lastKnownFileType = sourcecode.swift; path = Enums.swift; sourceTree = "<group>"; };
		27801DE928D72A6600201339 /* Date.swift */ = {isa = PBXFileReference; lastKnownFileType = sourcecode.swift; path = Date.swift; sourceTree = "<group>"; };
		27801DEB28D73AC900201339 /* UsedCardView.swift */ = {isa = PBXFileReference; lastKnownFileType = sourcecode.swift; path = UsedCardView.swift; sourceTree = "<group>"; };
		27801DED28D8B7FA00201339 /* Numbers.swift */ = {isa = PBXFileReference; lastKnownFileType = sourcecode.swift; path = Numbers.swift; sourceTree = "<group>"; };
		27801DEF28D8BA2400201339 /* UsageCardView.swift */ = {isa = PBXFileReference; lastKnownFileType = sourcecode.swift; path = UsageCardView.swift; sourceTree = "<group>"; };
		27801DF128D8BDBE00201339 /* ToggleView.swift */ = {isa = PBXFileReference; lastKnownFileType = sourcecode.swift; path = ToggleView.swift; sourceTree = "<group>"; };
		27801DF328D8C71C00201339 /* NotifCardView.swift */ = {isa = PBXFileReference; lastKnownFileType = sourcecode.swift; path = NotifCardView.swift; sourceTree = "<group>"; };
		27801DF828DA0A8600201339 /* DataPlanCardView.swift */ = {isa = PBXFileReference; lastKnownFileType = sourcecode.swift; path = DataPlanCardView.swift; sourceTree = "<group>"; };
		27801DFA28DA0B0D00201339 /* NavRowView.swift */ = {isa = PBXFileReference; lastKnownFileType = sourcecode.swift; path = NavRowView.swift; sourceTree = "<group>"; };
		27801DFC28DA0CF500201339 /* DividerView.swift */ = {isa = PBXFileReference; lastKnownFileType = sourcecode.swift; path = DividerView.swift; sourceTree = "<group>"; };
		27801DFE28DA13C500201339 /* DataPlanLimitView.swift */ = {isa = PBXFileReference; lastKnownFileType = sourcecode.swift; path = DataPlanLimitView.swift; sourceTree = "<group>"; };
		27801E0028DA15C600201339 /* DailyLimitView.swift */ = {isa = PBXFileReference; lastKnownFileType = sourcecode.swift; path = DailyLimitView.swift; sourceTree = "<group>"; };
		27801E0228DA196E00201339 /* HistoryView.swift */ = {isa = PBXFileReference; lastKnownFileType = sourcecode.swift; path = HistoryView.swift; sourceTree = "<group>"; };
		27801E0428DA1A7A00201339 /* DraggablePillView.swift */ = {isa = PBXFileReference; lastKnownFileType = sourcecode.swift; path = DraggablePillView.swift; sourceTree = "<group>"; };
		27801E0828E054C400201339 /* CloseIconView.swift */ = {isa = PBXFileReference; lastKnownFileType = sourcecode.swift; path = CloseIconView.swift; sourceTree = "<group>"; };
		27801E0C28E0C02200201339 /* DateInputView.swift */ = {isa = PBXFileReference; lastKnownFileType = sourcecode.swift; path = DateInputView.swift; sourceTree = "<group>"; };
		27801E0E28E1E7C500201339 /* SaveButtonView.swift */ = {isa = PBXFileReference; lastKnownFileType = sourcecode.swift; path = SaveButtonView.swift; sourceTree = "<group>"; };
		27801E1028E1F29400201339 /* BlurContentView.swift */ = {isa = PBXFileReference; lastKnownFileType = sourcecode.swift; path = BlurContentView.swift; sourceTree = "<group>"; };
		27801E1428E8227500201339 /* StepperButtonView.swift */ = {isa = PBXFileReference; lastKnownFileType = sourcecode.swift; path = StepperButtonView.swift; sourceTree = "<group>"; };
		27801E1628E82B9100201339 /* TextInputView.swift */ = {isa = PBXFileReference; lastKnownFileType = sourcecode.swift; path = TextInputView.swift; sourceTree = "<group>"; };
		27801E1828E951A000201339 /* NetworkDataRepository.swift */ = {isa = PBXFileReference; lastKnownFileType = sourcecode.swift; path = NetworkDataRepository.swift; sourceTree = "<group>"; };
		27801E1A28E974D700201339 /* HomeActions.swift */ = {isa = PBXFileReference; lastKnownFileType = sourcecode.swift; path = HomeActions.swift; sourceTree = "<group>"; };
		27801E1D28E98F0D00201339 /* LocalStorage.swift */ = {isa = PBXFileReference; lastKnownFileType = sourcecode.swift; path = LocalStorage.swift; sourceTree = "<group>"; };
		27801E2028E9B16E00201339 /* DataUsage.xcdatamodel */ = {isa = PBXFileReference; lastKnownFileType = wrapper.xcdatamodel; path = DataUsage.xcdatamodel; sourceTree = "<group>"; };
		27801E2228E9B29D00201339 /* LocalDatabase.swift */ = {isa = PBXFileReference; lastKnownFileType = sourcecode.swift; path = LocalDatabase.swift; sourceTree = "<group>"; };
		27801E2828E9DE3C00201339 /* DataManipulation.swift */ = {isa = PBXFileReference; lastKnownFileType = sourcecode.swift; path = DataManipulation.swift; sourceTree = "<group>"; };
		27801E3628E9E3D100201339 /* Data.swift */ = {isa = PBXFileReference; lastKnownFileType = sourcecode.swift; path = Data.swift; sourceTree = "<group>"; };
		27801E3C28E9F72F00201339 /* DataUsageRepository.swift */ = {isa = PBXFileReference; lastKnownFileType = sourcecode.swift; path = DataUsageRepository.swift; sourceTree = "<group>"; };
		27801E3E28E9FDAA00201339 /* AppDataRepository.swift */ = {isa = PBXFileReference; lastKnownFileType = sourcecode.swift; path = AppDataRepository.swift; sourceTree = "<group>"; };
		278D6B6828F17065006931DA /* DataInfo.swift */ = {isa = PBXFileReference; lastKnownFileType = sourcecode.swift; path = DataInfo.swift; sourceTree = "<group>"; };
		278FB2C928F2E55900BE78C2 /* Data Pill Tests.xctest */ = {isa = PBXFileReference; explicitFileType = wrapper.cfbundle; includeInIndex = 0; path = "Data Pill Tests.xctest"; sourceTree = BUILT_PRODUCTS_DIR; };
		278FB2CB28F2E55900BE78C2 /* Numbers_Test_Case.swift */ = {isa = PBXFileReference; lastKnownFileType = sourcecode.swift; path = Numbers_Test_Case.swift; sourceTree = "<group>"; };
		278FB2D228F321EE00BE78C2 /* Date_Test_Class.swift */ = {isa = PBXFileReference; lastKnownFileType = sourcecode.swift; path = Date_Test_Class.swift; sourceTree = "<group>"; };
		27B90B8428F2D28100263983 /* Constants.swift */ = {isa = PBXFileReference; lastKnownFileType = sourcecode.swift; path = Constants.swift; sourceTree = "<group>"; };
		27B90B8628F2D31600263983 /* DataUsage.swift */ = {isa = PBXFileReference; lastKnownFileType = sourcecode.swift; path = DataUsage.swift; sourceTree = "<group>"; };
		27B90B8828F2D43700263983 /* DataTest.swift */ = {isa = PBXFileReference; lastKnownFileType = sourcecode.swift; path = DataTest.swift; sourceTree = "<group>"; };
/* End PBXFileReference section */

/* Begin PBXFrameworksBuildPhase section */
		27801DA928D6C96800201339 /* Frameworks */ = {
			isa = PBXFrameworksBuildPhase;
			buildActionMask = 2147483647;
			files = (
			);
			runOnlyForDeploymentPostprocessing = 0;
		};
		278FB2C628F2E55900BE78C2 /* Frameworks */ = {
			isa = PBXFrameworksBuildPhase;
			buildActionMask = 2147483647;
			files = (
			);
			runOnlyForDeploymentPostprocessing = 0;
		};
/* End PBXFrameworksBuildPhase section */

/* Begin PBXGroup section */
		27801DA328D6C96800201339 = {
			isa = PBXGroup;
			children = (
				27801DAE28D6C96800201339 /* Data Pill */,
				278FB2CA28F2E55900BE78C2 /* Data Pill Tests */,
				27801DAD28D6C96800201339 /* Products */,
			);
			sourceTree = "<group>";
		};
		27801DAD28D6C96800201339 /* Products */ = {
			isa = PBXGroup;
			children = (
				27801DAC28D6C96800201339 /* Data Pill.app */,
				278FB2C928F2E55900BE78C2 /* Data Pill Tests.xctest */,
			);
			name = Products;
			sourceTree = "<group>";
		};
		27801DAE28D6C96800201339 /* Data Pill */ = {
			isa = PBXGroup;
			children = (
				27801DDF28D6CF4F00201339 /* Data-Pill-Info.plist */,
				27801DBE28D6C96800201339 /* LaunchScreen.storyboard */,
				27801DD628D6C9F200201339 /* App */,
				27801DAF28D6C96800201339 /* Views */,
				27801E1C28E98E6300201339 /* Data */,
				27801DB528D6C96800201339 /* Models */,
				27801DB828D6C96800201339 /* Utils */,
				27801DBB28D6C96800201339 /* Theme */,
				27801DD728D6C9FB00201339 /* Assets */,
				27801DCE28D6C96B00201339 /* Preview Content */,
			);
			path = "Data Pill";
			sourceTree = "<group>";
		};
		27801DAF28D6C96800201339 /* Views */ = {
			isa = PBXGroup;
			children = (
				27801DB028D6C96800201339 /* AppView.swift */,
				27801DE028D6D12C00201339 /* Reusables */,
				27801DB228D6C96800201339 /* (1) Home */,
			);
			path = Views;
			sourceTree = "<group>";
		};
		27801DB228D6C96800201339 /* (1) Home */ = {
			isa = PBXGroup;
			children = (
				27801DB328D6C96800201339 /* BasicInfoView.swift */,
				27801E0228DA196E00201339 /* HistoryView.swift */,
				27801DF728DA0A6B00201339 /* Cards */,
			);
			path = "(1) Home";
			sourceTree = "<group>";
		};
		27801DB528D6C96800201339 /* Models */ = {
			isa = PBXGroup;
			children = (
				27801E1A28E974D700201339 /* HomeActions.swift */,
				27801E3628E9E3D100201339 /* Data.swift */,
				278D6B6828F17065006931DA /* DataInfo.swift */,
				27B90B8828F2D43700263983 /* DataTest.swift */,
				27801E1F28E9B16E00201339 /* DataUsage.xcdatamodeld */,
			);
			path = Models;
			sourceTree = "<group>";
		};
		27801DB828D6C96800201339 /* Utils */ = {
			isa = PBXGroup;
			children = (
				27801DB928D6C96800201339 /* Dimensions.swift */,
				27801DC028D6C96800201339 /* Text.swift */,
				27801DC428D6C96800201339 /* Frame.swift */,
				27801DE328D6F01900201339 /* Modifier.swift */,
				27801DE728D7215D00201339 /* Enums.swift */,
				27801DE928D72A6600201339 /* Date.swift */,
				27801DED28D8B7FA00201339 /* Numbers.swift */,
				27801E2828E9DE3C00201339 /* DataManipulation.swift */,
			);
			path = Utils;
			sourceTree = "<group>";
		};
		27801DBB28D6C96800201339 /* Theme */ = {
			isa = PBXGroup;
			children = (
				27801DBC28D6C96800201339 /* Icon.swift */,
				27801DC228D6C96800201339 /* Type.swift */,
				27801DC628D6C96800201339 /* Color.swift */,
			);
			path = Theme;
			sourceTree = "<group>";
		};
		27801DCE28D6C96B00201339 /* Preview Content */ = {
			isa = PBXGroup;
			children = (
				27801DCF28D6C96B00201339 /* Preview Assets.xcassets */,
				27B90B8628F2D31600263983 /* DataUsage.swift */,
			);
			path = "Preview Content";
			sourceTree = "<group>";
		};
		27801DD628D6C9F200201339 /* App */ = {
			isa = PBXGroup;
			children = (
				27801DC828D6C96800201339 /* Data_PillApp.swift */,
			);
			path = App;
			sourceTree = "<group>";
		};
		27801DD728D6C9FB00201339 /* Assets */ = {
			isa = PBXGroup;
			children = (
				27801DD828D6CF2D00201339 /* Fonts */,
				27801DCC28D6C96B00201339 /* Assets.xcassets */,
			);
			path = Assets;
			sourceTree = "<group>";
		};
		27801DD828D6CF2D00201339 /* Fonts */ = {
			isa = PBXGroup;
			children = (
				27801DD928D6CF3900201339 /* SFProText-Bold.ttf */,
				27801DDA28D6CF3900201339 /* SFProText-Medium.ttf */,
				27801DDB28D6CF3900201339 /* SFProText-Semibold.ttf */,
			);
			path = Fonts;
			sourceTree = "<group>";
		};
		27801DE028D6D12C00201339 /* Reusables */ = {
			isa = PBXGroup;
			children = (
				27801DE128D6D15000201339 /* ItemCardView.swift */,
				27801DE528D6F59700201339 /* PillView.swift */,
				27801E0428DA1A7A00201339 /* DraggablePillView.swift */,
				27801DF128D8BDBE00201339 /* ToggleView.swift */,
				27801DFA28DA0B0D00201339 /* NavRowView.swift */,
				27801DFC28DA0CF500201339 /* DividerView.swift */,
				27801E0828E054C400201339 /* CloseIconView.swift */,
				27801E0C28E0C02200201339 /* DateInputView.swift */,
				27801E0E28E1E7C500201339 /* SaveButtonView.swift */,
				27801E1028E1F29400201339 /* BlurContentView.swift */,
				27801E1428E8227500201339 /* StepperButtonView.swift */,
				27801E1628E82B9100201339 /* TextInputView.swift */,
			);
			path = Reusables;
			sourceTree = "<group>";
		};
		27801DF728DA0A6B00201339 /* Cards */ = {
			isa = PBXGroup;
			children = (
				27801DEB28D73AC900201339 /* UsedCardView.swift */,
				27801DEF28D8BA2400201339 /* UsageCardView.swift */,
				27801DF328D8C71C00201339 /* NotifCardView.swift */,
				27801DF828DA0A8600201339 /* DataPlanCardView.swift */,
				27801DFE28DA13C500201339 /* DataPlanLimitView.swift */,
				27801E0028DA15C600201339 /* DailyLimitView.swift */,
			);
			path = Cards;
			sourceTree = "<group>";
		};
		27801E1C28E98E6300201339 /* Data */ = {
			isa = PBXGroup;
			children = (
				27801DB628D6C96800201339 /* AppState.swift */,
				27801E1828E951A000201339 /* NetworkDataRepository.swift */,
				27801E3C28E9F72F00201339 /* DataUsageRepository.swift */,
				27801E3E28E9FDAA00201339 /* AppDataRepository.swift */,
				27801E1D28E98F0D00201339 /* LocalStorage.swift */,
				27801E2228E9B29D00201339 /* LocalDatabase.swift */,
				27B90B8428F2D28100263983 /* Constants.swift */,
			);
			path = Data;
			sourceTree = "<group>";
		};
		278FB2CA28F2E55900BE78C2 /* Data Pill Tests */ = {
			isa = PBXGroup;
			children = (
				278FB2D228F321EE00BE78C2 /* Date_Test_Class.swift */,
				278FB2CB28F2E55900BE78C2 /* Numbers_Test_Case.swift */,
			);
			path = "Data Pill Tests";
			sourceTree = "<group>";
		};
/* End PBXGroup section */

/* Begin PBXNativeTarget section */
		27801DAB28D6C96800201339 /* Data Pill */ = {
			isa = PBXNativeTarget;
			buildConfigurationList = 27801DD328D6C96B00201339 /* Build configuration list for PBXNativeTarget "Data Pill" */;
			buildPhases = (
				27801DA828D6C96800201339 /* Sources */,
				27801DA928D6C96800201339 /* Frameworks */,
				27801DAA28D6C96800201339 /* Resources */,
			);
			buildRules = (
			);
			dependencies = (
			);
			name = "Data Pill";
			productName = "Data Pill";
			productReference = 27801DAC28D6C96800201339 /* Data Pill.app */;
			productType = "com.apple.product-type.application";
		};
		278FB2C828F2E55900BE78C2 /* Data Pill Tests */ = {
			isa = PBXNativeTarget;
			buildConfigurationList = 278FB2D128F2E55900BE78C2 /* Build configuration list for PBXNativeTarget "Data Pill Tests" */;
			buildPhases = (
				278FB2C528F2E55900BE78C2 /* Sources */,
				278FB2C628F2E55900BE78C2 /* Frameworks */,
				278FB2C728F2E55900BE78C2 /* Resources */,
			);
			buildRules = (
			);
			dependencies = (
				278FB2CE28F2E55900BE78C2 /* PBXTargetDependency */,
			);
			name = "Data Pill Tests";
			productName = "Data Pill Tests";
			productReference = 278FB2C928F2E55900BE78C2 /* Data Pill Tests.xctest */;
			productType = "com.apple.product-type.bundle.unit-test";
		};
/* End PBXNativeTarget section */

/* Begin PBXProject section */
		27801DA428D6C96800201339 /* Project object */ = {
			isa = PBXProject;
			attributes = {
				BuildIndependentTargetsInParallel = 1;
				LastSwiftUpdateCheck = 1400;
				LastUpgradeCheck = 1340;
				TargetAttributes = {
					27801DAB28D6C96800201339 = {
						CreatedOnToolsVersion = 13.4.1;
					};
					278FB2C828F2E55900BE78C2 = {
						CreatedOnToolsVersion = 14.0.1;
						TestTargetID = 27801DAB28D6C96800201339;
					};
				};
			};
			buildConfigurationList = 27801DA728D6C96800201339 /* Build configuration list for PBXProject "Data Pill" */;
			compatibilityVersion = "Xcode 13.0";
			developmentRegion = en;
			hasScannedForEncodings = 0;
			knownRegions = (
				en,
				Base,
			);
			mainGroup = 27801DA328D6C96800201339;
			productRefGroup = 27801DAD28D6C96800201339 /* Products */;
			projectDirPath = "";
			projectRoot = "";
			targets = (
				27801DAB28D6C96800201339 /* Data Pill */,
				278FB2C828F2E55900BE78C2 /* Data Pill Tests */,
			);
		};
/* End PBXProject section */

/* Begin PBXResourcesBuildPhase section */
		27801DAA28D6C96800201339 /* Resources */ = {
			isa = PBXResourcesBuildPhase;
			buildActionMask = 2147483647;
			files = (
				27801DCD28D6C96B00201339 /* Assets.xcassets in Resources */,
				27801DD028D6C96B00201339 /* Preview Assets.xcassets in Resources */,
				27801DBF28D6C96800201339 /* LaunchScreen.storyboard in Resources */,
				27801DDC28D6CF3900201339 /* SFProText-Bold.ttf in Resources */,
				27801DDD28D6CF3900201339 /* SFProText-Medium.ttf in Resources */,
				27801DDE28D6CF3900201339 /* SFProText-Semibold.ttf in Resources */,
			);
			runOnlyForDeploymentPostprocessing = 0;
		};
		278FB2C728F2E55900BE78C2 /* Resources */ = {
			isa = PBXResourcesBuildPhase;
			buildActionMask = 2147483647;
			files = (
			);
			runOnlyForDeploymentPostprocessing = 0;
		};
/* End PBXResourcesBuildPhase section */

/* Begin PBXSourcesBuildPhase section */
		27801DA828D6C96800201339 /* Sources */ = {
			isa = PBXSourcesBuildPhase;
			buildActionMask = 2147483647;
			files = (
				27801DBA28D6C96800201339 /* Dimensions.swift in Sources */,
				27801E1528E8227500201339 /* StepperButtonView.swift in Sources */,
				27801E1728E82B9100201339 /* TextInputView.swift in Sources */,
				27801DFB28DA0B0D00201339 /* NavRowView.swift in Sources */,
				27801DFF28DA13C500201339 /* DataPlanLimitView.swift in Sources */,
				27801DC528D6C96800201339 /* Frame.swift in Sources */,
				27801DB728D6C96800201339 /* AppState.swift in Sources */,
				27801DF428D8C71C00201339 /* NotifCardView.swift in Sources */,
				27801E0128DA15C600201339 /* DailyLimitView.swift in Sources */,
				27801E0528DA1A7B00201339 /* DraggablePillView.swift in Sources */,
				27801E2928E9DE3C00201339 /* DataManipulation.swift in Sources */,
				27B90B8728F2D31600263983 /* DataUsage.swift in Sources */,
				27801E0328DA196E00201339 /* HistoryView.swift in Sources */,
				27801DEC28D73AC900201339 /* UsedCardView.swift in Sources */,
				27801DB128D6C96800201339 /* AppView.swift in Sources */,
				27801DE828D7215D00201339 /* Enums.swift in Sources */,
				27801E0F28E1E7C500201339 /* SaveButtonView.swift in Sources */,
				27801DF928DA0A8600201339 /* DataPlanCardView.swift in Sources */,
				27801E0928E054C500201339 /* CloseIconView.swift in Sources */,
				27801E1E28E98F0D00201339 /* LocalStorage.swift in Sources */,
				27801E1928E951A100201339 /* NetworkDataRepository.swift in Sources */,
				27801E0D28E0C02200201339 /* DateInputView.swift in Sources */,
				27801E2328E9B29D00201339 /* LocalDatabase.swift in Sources */,
				27801DF028D8BA2400201339 /* UsageCardView.swift in Sources */,
				27B90B8528F2D28100263983 /* Constants.swift in Sources */,
				27801DBD28D6C96800201339 /* Icon.swift in Sources */,
				27801DE628D6F59700201339 /* PillView.swift in Sources */,
				27801DC328D6C96800201339 /* Type.swift in Sources */,
				278D6B6928F17065006931DA /* DataInfo.swift in Sources */,
				27801E2128E9B16E00201339 /* DataUsage.xcdatamodeld in Sources */,
				27801E3D28E9F72F00201339 /* DataUsageRepository.swift in Sources */,
				27801DC128D6C96800201339 /* Text.swift in Sources */,
				27801E3F28E9FDAA00201339 /* AppDataRepository.swift in Sources */,
				27B90B8928F2D43700263983 /* DataTest.swift in Sources */,
				27801DEE28D8B7FA00201339 /* Numbers.swift in Sources */,
				27801DEA28D72A6600201339 /* Date.swift in Sources */,
				27801DB428D6C96800201339 /* BasicInfoView.swift in Sources */,
				27801E3728E9E3D100201339 /* Data.swift in Sources */,
				27801DE428D6F01900201339 /* Modifier.swift in Sources */,
				27801E1B28E974D800201339 /* HomeActions.swift in Sources */,
				27801DE228D6D15000201339 /* ItemCardView.swift in Sources */,
				27801E1128E1F29400201339 /* BlurContentView.swift in Sources */,
				27801DC928D6C96800201339 /* Data_PillApp.swift in Sources */,
				27801DC728D6C96800201339 /* Color.swift in Sources */,
				27801DFD28DA0CF500201339 /* DividerView.swift in Sources */,
				27801DF228D8BDBE00201339 /* ToggleView.swift in Sources */,
			);
			runOnlyForDeploymentPostprocessing = 0;
		};
		278FB2C528F2E55900BE78C2 /* Sources */ = {
			isa = PBXSourcesBuildPhase;
			buildActionMask = 2147483647;
			files = (
				278FB2D328F321EE00BE78C2 /* Date_Test_Class.swift in Sources */,
				278FB2CC28F2E55900BE78C2 /* Numbers_Test_Case.swift in Sources */,
			);
			runOnlyForDeploymentPostprocessing = 0;
		};
/* End PBXSourcesBuildPhase section */

/* Begin PBXTargetDependency section */
		278FB2CE28F2E55900BE78C2 /* PBXTargetDependency */ = {
			isa = PBXTargetDependency;
			target = 27801DAB28D6C96800201339 /* Data Pill */;
			targetProxy = 278FB2CD28F2E55900BE78C2 /* PBXContainerItemProxy */;
		};
/* End PBXTargetDependency section */

/* Begin XCBuildConfiguration section */
		27801DD128D6C96B00201339 /* Debug */ = {
			isa = XCBuildConfiguration;
			buildSettings = {
				ALWAYS_SEARCH_USER_PATHS = NO;
				CLANG_ANALYZER_NONNULL = YES;
				CLANG_ANALYZER_NUMBER_OBJECT_CONVERSION = YES_AGGRESSIVE;
				CLANG_CXX_LANGUAGE_STANDARD = "gnu++17";
				CLANG_ENABLE_MODULES = YES;
				CLANG_ENABLE_OBJC_ARC = YES;
				CLANG_ENABLE_OBJC_WEAK = YES;
				CLANG_WARN_BLOCK_CAPTURE_AUTORELEASING = YES;
				CLANG_WARN_BOOL_CONVERSION = YES;
				CLANG_WARN_COMMA = YES;
				CLANG_WARN_CONSTANT_CONVERSION = YES;
				CLANG_WARN_DEPRECATED_OBJC_IMPLEMENTATIONS = YES;
				CLANG_WARN_DIRECT_OBJC_ISA_USAGE = YES_ERROR;
				CLANG_WARN_DOCUMENTATION_COMMENTS = YES;
				CLANG_WARN_EMPTY_BODY = YES;
				CLANG_WARN_ENUM_CONVERSION = YES;
				CLANG_WARN_INFINITE_RECURSION = YES;
				CLANG_WARN_INT_CONVERSION = YES;
				CLANG_WARN_NON_LITERAL_NULL_CONVERSION = YES;
				CLANG_WARN_OBJC_IMPLICIT_RETAIN_SELF = YES;
				CLANG_WARN_OBJC_LITERAL_CONVERSION = YES;
				CLANG_WARN_OBJC_ROOT_CLASS = YES_ERROR;
				CLANG_WARN_QUOTED_INCLUDE_IN_FRAMEWORK_HEADER = YES;
				CLANG_WARN_RANGE_LOOP_ANALYSIS = YES;
				CLANG_WARN_STRICT_PROTOTYPES = YES;
				CLANG_WARN_SUSPICIOUS_MOVE = YES;
				CLANG_WARN_UNGUARDED_AVAILABILITY = YES_AGGRESSIVE;
				CLANG_WARN_UNREACHABLE_CODE = YES;
				CLANG_WARN__DUPLICATE_METHOD_MATCH = YES;
				COPY_PHASE_STRIP = NO;
				DEBUG_INFORMATION_FORMAT = dwarf;
				ENABLE_STRICT_OBJC_MSGSEND = YES;
				ENABLE_TESTABILITY = YES;
				GCC_C_LANGUAGE_STANDARD = gnu11;
				GCC_DYNAMIC_NO_PIC = NO;
				GCC_NO_COMMON_BLOCKS = YES;
				GCC_OPTIMIZATION_LEVEL = 0;
				GCC_PREPROCESSOR_DEFINITIONS = (
					"DEBUG=1",
					"$(inherited)",
				);
				GCC_WARN_64_TO_32_BIT_CONVERSION = YES;
				GCC_WARN_ABOUT_RETURN_TYPE = YES_ERROR;
				GCC_WARN_UNDECLARED_SELECTOR = YES;
				GCC_WARN_UNINITIALIZED_AUTOS = YES_AGGRESSIVE;
				GCC_WARN_UNUSED_FUNCTION = YES;
				GCC_WARN_UNUSED_VARIABLE = YES;
				IPHONEOS_DEPLOYMENT_TARGET = 14.0;
				MTL_ENABLE_DEBUG_INFO = INCLUDE_SOURCE;
				MTL_FAST_MATH = YES;
				ONLY_ACTIVE_ARCH = YES;
				SDKROOT = iphoneos;
				SWIFT_ACTIVE_COMPILATION_CONDITIONS = DEBUG;
				SWIFT_OPTIMIZATION_LEVEL = "-Onone";
			};
			name = Debug;
		};
		27801DD228D6C96B00201339 /* Release */ = {
			isa = XCBuildConfiguration;
			buildSettings = {
				ALWAYS_SEARCH_USER_PATHS = NO;
				CLANG_ANALYZER_NONNULL = YES;
				CLANG_ANALYZER_NUMBER_OBJECT_CONVERSION = YES_AGGRESSIVE;
				CLANG_CXX_LANGUAGE_STANDARD = "gnu++17";
				CLANG_ENABLE_MODULES = YES;
				CLANG_ENABLE_OBJC_ARC = YES;
				CLANG_ENABLE_OBJC_WEAK = YES;
				CLANG_WARN_BLOCK_CAPTURE_AUTORELEASING = YES;
				CLANG_WARN_BOOL_CONVERSION = YES;
				CLANG_WARN_COMMA = YES;
				CLANG_WARN_CONSTANT_CONVERSION = YES;
				CLANG_WARN_DEPRECATED_OBJC_IMPLEMENTATIONS = YES;
				CLANG_WARN_DIRECT_OBJC_ISA_USAGE = YES_ERROR;
				CLANG_WARN_DOCUMENTATION_COMMENTS = YES;
				CLANG_WARN_EMPTY_BODY = YES;
				CLANG_WARN_ENUM_CONVERSION = YES;
				CLANG_WARN_INFINITE_RECURSION = YES;
				CLANG_WARN_INT_CONVERSION = YES;
				CLANG_WARN_NON_LITERAL_NULL_CONVERSION = YES;
				CLANG_WARN_OBJC_IMPLICIT_RETAIN_SELF = YES;
				CLANG_WARN_OBJC_LITERAL_CONVERSION = YES;
				CLANG_WARN_OBJC_ROOT_CLASS = YES_ERROR;
				CLANG_WARN_QUOTED_INCLUDE_IN_FRAMEWORK_HEADER = YES;
				CLANG_WARN_RANGE_LOOP_ANALYSIS = YES;
				CLANG_WARN_STRICT_PROTOTYPES = YES;
				CLANG_WARN_SUSPICIOUS_MOVE = YES;
				CLANG_WARN_UNGUARDED_AVAILABILITY = YES_AGGRESSIVE;
				CLANG_WARN_UNREACHABLE_CODE = YES;
				CLANG_WARN__DUPLICATE_METHOD_MATCH = YES;
				COPY_PHASE_STRIP = NO;
				DEBUG_INFORMATION_FORMAT = "dwarf-with-dsym";
				ENABLE_NS_ASSERTIONS = NO;
				ENABLE_STRICT_OBJC_MSGSEND = YES;
				GCC_C_LANGUAGE_STANDARD = gnu11;
				GCC_NO_COMMON_BLOCKS = YES;
				GCC_WARN_64_TO_32_BIT_CONVERSION = YES;
				GCC_WARN_ABOUT_RETURN_TYPE = YES_ERROR;
				GCC_WARN_UNDECLARED_SELECTOR = YES;
				GCC_WARN_UNINITIALIZED_AUTOS = YES_AGGRESSIVE;
				GCC_WARN_UNUSED_FUNCTION = YES;
				GCC_WARN_UNUSED_VARIABLE = YES;
				IPHONEOS_DEPLOYMENT_TARGET = 14.0;
				MTL_ENABLE_DEBUG_INFO = NO;
				MTL_FAST_MATH = YES;
				SDKROOT = iphoneos;
				SWIFT_COMPILATION_MODE = wholemodule;
				SWIFT_OPTIMIZATION_LEVEL = "-O";
				VALIDATE_PRODUCT = YES;
			};
			name = Release;
		};
		27801DD428D6C96B00201339 /* Debug */ = {
			isa = XCBuildConfiguration;
			buildSettings = {
				ASSETCATALOG_COMPILER_APPICON_NAME = AppIcon;
				ASSETCATALOG_COMPILER_GLOBAL_ACCENT_COLOR_NAME = AccentColor;
				CODE_SIGN_STYLE = Automatic;
				CURRENT_PROJECT_VERSION = 1;
				DEVELOPMENT_ASSET_PATHS = "\"Data Pill/Preview Content\"";
				DEVELOPMENT_TEAM = KB9D3Y7M29;
				ENABLE_PREVIEWS = YES;
				GENERATE_INFOPLIST_FILE = YES;
				INFOPLIST_FILE = "Data-Pill-Info.plist";
				INFOPLIST_KEY_UIApplicationSceneManifest_Generation = YES;
				INFOPLIST_KEY_UIApplicationSupportsIndirectInputEvents = YES;
				INFOPLIST_KEY_UILaunchScreen_Generation = YES;
				INFOPLIST_KEY_UISupportedInterfaceOrientations_iPad = "UIInterfaceOrientationPortrait UIInterfaceOrientationPortraitUpsideDown UIInterfaceOrientationLandscapeLeft UIInterfaceOrientationLandscapeRight";
				INFOPLIST_KEY_UISupportedInterfaceOrientations_iPhone = "UIInterfaceOrientationPortrait UIInterfaceOrientationLandscapeLeft UIInterfaceOrientationLandscapeRight";
				LD_RUNPATH_SEARCH_PATHS = (
					"$(inherited)",
					"@executable_path/Frameworks",
				);
				MARKETING_VERSION = 1.0;
				PRODUCT_BUNDLE_IDENTIFIER = "com.penguinworks.Data-Pill";
				PRODUCT_NAME = "$(TARGET_NAME)";
				SWIFT_EMIT_LOC_STRINGS = YES;
				SWIFT_VERSION = 5.0;
				TARGETED_DEVICE_FAMILY = "1,2";
			};
			name = Debug;
		};
		27801DD528D6C96B00201339 /* Release */ = {
			isa = XCBuildConfiguration;
			buildSettings = {
				ASSETCATALOG_COMPILER_APPICON_NAME = AppIcon;
				ASSETCATALOG_COMPILER_GLOBAL_ACCENT_COLOR_NAME = AccentColor;
				CODE_SIGN_STYLE = Automatic;
				CURRENT_PROJECT_VERSION = 1;
				DEVELOPMENT_ASSET_PATHS = "\"Data Pill/Preview Content\"";
				DEVELOPMENT_TEAM = KB9D3Y7M29;
				ENABLE_PREVIEWS = YES;
				GENERATE_INFOPLIST_FILE = YES;
				INFOPLIST_FILE = "Data-Pill-Info.plist";
				INFOPLIST_KEY_UIApplicationSceneManifest_Generation = YES;
				INFOPLIST_KEY_UIApplicationSupportsIndirectInputEvents = YES;
				INFOPLIST_KEY_UILaunchScreen_Generation = YES;
				INFOPLIST_KEY_UISupportedInterfaceOrientations_iPad = "UIInterfaceOrientationPortrait UIInterfaceOrientationPortraitUpsideDown UIInterfaceOrientationLandscapeLeft UIInterfaceOrientationLandscapeRight";
				INFOPLIST_KEY_UISupportedInterfaceOrientations_iPhone = "UIInterfaceOrientationPortrait UIInterfaceOrientationLandscapeLeft UIInterfaceOrientationLandscapeRight";
				LD_RUNPATH_SEARCH_PATHS = (
					"$(inherited)",
					"@executable_path/Frameworks",
				);
				MARKETING_VERSION = 1.0;
				PRODUCT_BUNDLE_IDENTIFIER = "com.penguinworks.Data-Pill";
				PRODUCT_NAME = "$(TARGET_NAME)";
				SWIFT_EMIT_LOC_STRINGS = YES;
				SWIFT_VERSION = 5.0;
				TARGETED_DEVICE_FAMILY = "1,2";
			};
			name = Release;
		};
		278FB2CF28F2E55900BE78C2 /* Debug */ = {
			isa = XCBuildConfiguration;
			buildSettings = {
				BUNDLE_LOADER = "$(TEST_HOST)";
				CLANG_CXX_LANGUAGE_STANDARD = "gnu++20";
				CODE_SIGN_STYLE = Automatic;
				CURRENT_PROJECT_VERSION = 1;
				DEVELOPMENT_TEAM = KB9D3Y7M29;
				GENERATE_INFOPLIST_FILE = YES;
				IPHONEOS_DEPLOYMENT_TARGET = 16.0;
				MARKETING_VERSION = 1.0;
				PRODUCT_BUNDLE_IDENTIFIER = "com.penguinworks.Data-Pill-Tests";
				PRODUCT_NAME = "$(TARGET_NAME)";
				SWIFT_EMIT_LOC_STRINGS = NO;
				SWIFT_VERSION = 5.0;
				TARGETED_DEVICE_FAMILY = "1,2";
				TEST_HOST = "$(BUILT_PRODUCTS_DIR)/Data Pill.app/$(BUNDLE_EXECUTABLE_FOLDER_PATH)/Data Pill";
			};
			name = Debug;
		};
		278FB2D028F2E55900BE78C2 /* Release */ = {
			isa = XCBuildConfiguration;
			buildSettings = {
				BUNDLE_LOADER = "$(TEST_HOST)";
				CLANG_CXX_LANGUAGE_STANDARD = "gnu++20";
				CODE_SIGN_STYLE = Automatic;
				CURRENT_PROJECT_VERSION = 1;
				DEVELOPMENT_TEAM = KB9D3Y7M29;
				GENERATE_INFOPLIST_FILE = YES;
				IPHONEOS_DEPLOYMENT_TARGET = 16.0;
				MARKETING_VERSION = 1.0;
				PRODUCT_BUNDLE_IDENTIFIER = "com.penguinworks.Data-Pill-Tests";
				PRODUCT_NAME = "$(TARGET_NAME)";
				SWIFT_EMIT_LOC_STRINGS = NO;
				SWIFT_VERSION = 5.0;
				TARGETED_DEVICE_FAMILY = "1,2";
				TEST_HOST = "$(BUILT_PRODUCTS_DIR)/Data Pill.app/$(BUNDLE_EXECUTABLE_FOLDER_PATH)/Data Pill";
			};
			name = Release;
		};
/* End XCBuildConfiguration section */

/* Begin XCConfigurationList section */
		27801DA728D6C96800201339 /* Build configuration list for PBXProject "Data Pill" */ = {
			isa = XCConfigurationList;
			buildConfigurations = (
				27801DD128D6C96B00201339 /* Debug */,
				27801DD228D6C96B00201339 /* Release */,
			);
			defaultConfigurationIsVisible = 0;
			defaultConfigurationName = Release;
		};
		27801DD328D6C96B00201339 /* Build configuration list for PBXNativeTarget "Data Pill" */ = {
			isa = XCConfigurationList;
			buildConfigurations = (
				27801DD428D6C96B00201339 /* Debug */,
				27801DD528D6C96B00201339 /* Release */,
			);
			defaultConfigurationIsVisible = 0;
			defaultConfigurationName = Release;
		};
		278FB2D128F2E55900BE78C2 /* Build configuration list for PBXNativeTarget "Data Pill Tests" */ = {
			isa = XCConfigurationList;
			buildConfigurations = (
				278FB2CF28F2E55900BE78C2 /* Debug */,
				278FB2D028F2E55900BE78C2 /* Release */,
			);
			defaultConfigurationIsVisible = 0;
			defaultConfigurationName = Release;
		};
/* End XCConfigurationList section */

/* Begin XCVersionGroup section */
		27801E1F28E9B16E00201339 /* DataUsage.xcdatamodeld */ = {
			isa = XCVersionGroup;
			children = (
				27801E2028E9B16E00201339 /* DataUsage.xcdatamodel */,
			);
			currentVersion = 27801E2028E9B16E00201339 /* DataUsage.xcdatamodel */;
			path = DataUsage.xcdatamodeld;
			sourceTree = "<group>";
			versionGroupType = wrapper.xcdatamodel;
		};
/* End XCVersionGroup section */
	};
	rootObject = 27801DA428D6C96800201339 /* Project object */;
}
